// !$*UTF8*$!
{
	archiveVersion = 1;
	classes = {
	};
	objectVersion = 56;
	objects = {

/* Begin PBXBuildFile section */
		6321E25B2A41AD0800923EB8 /* SearchCell.swift in Sources */ = {isa = PBXBuildFile; fileRef = 6321E25A2A41AD0800923EB8 /* SearchCell.swift */; };
		6321E2622A41D9DC00923EB8 /* DetailVC.swift in Sources */ = {isa = PBXBuildFile; fileRef = 6321E2602A41D9DC00923EB8 /* DetailVC.swift */; };
		6321E2632A41D9DC00923EB8 /* DetailVC.xib in Resources */ = {isa = PBXBuildFile; fileRef = 6321E2612A41D9DC00923EB8 /* DetailVC.xib */; };
		632FFDF32A434D6600F96962 /* CastCell.swift in Sources */ = {isa = PBXBuildFile; fileRef = 632FFDF12A434D6600F96962 /* CastCell.swift */; };
		632FFDF42A434D6600F96962 /* CastCell.xib in Resources */ = {isa = PBXBuildFile; fileRef = 632FFDF22A434D6600F96962 /* CastCell.xib */; };
		633AA4D22A484648002050B4 /* TVSeriesDetailModel.swift in Sources */ = {isa = PBXBuildFile; fileRef = 633AA4D12A484648002050B4 /* TVSeriesDetailModel.swift */; };
		633AA4D42A484673002050B4 /* OtherModels.swift in Sources */ = {isa = PBXBuildFile; fileRef = 633AA4D32A484673002050B4 /* OtherModels.swift */; };
		633AA4D62A4846F1002050B4 /* CastModel.swift in Sources */ = {isa = PBXBuildFile; fileRef = 633AA4D52A4846F1002050B4 /* CastModel.swift */; };
		63644A672A40969500685DC3 /* TrendingMoviesCell.swift in Sources */ = {isa = PBXBuildFile; fileRef = 63644A662A40969500685DC3 /* TrendingMoviesCell.swift */; };
		63644A6A2A409A5000685DC3 /* SDWebImage in Frameworks */ = {isa = PBXBuildFile; productRef = 63644A692A409A5000685DC3 /* SDWebImage */; };
		63644A6C2A40A92D00685DC3 /* MoviesCell.swift in Sources */ = {isa = PBXBuildFile; fileRef = 63644A6B2A40A92D00685DC3 /* MoviesCell.swift */; };
		636587B22A45B07300C6368F /* GenreCell.swift in Sources */ = {isa = PBXBuildFile; fileRef = 636587B02A45B07300C6368F /* GenreCell.swift */; };
		636587B32A45B07300C6368F /* GenreCell.xib in Resources */ = {isa = PBXBuildFile; fileRef = 636587B12A45B07300C6368F /* GenreCell.xib */; };
		63774E1F2A7A857D00B646AD /* GoogleService-Info.plist in Resources */ = {isa = PBXBuildFile; fileRef = 63774E1E2A7A857D00B646AD /* GoogleService-Info.plist */; };
		63774E202A7A857D00B646AD /* GoogleService-Info.plist in Resources */ = {isa = PBXBuildFile; fileRef = 63774E1E2A7A857D00B646AD /* GoogleService-Info.plist */; };
		63774E212A7A857D00B646AD /* GoogleService-Info.plist in Resources */ = {isa = PBXBuildFile; fileRef = 63774E1E2A7A857D00B646AD /* GoogleService-Info.plist */; };
		63774E242A7A86D500B646AD /* FirebaseAnalytics in Frameworks */ = {isa = PBXBuildFile; productRef = 63774E232A7A86D500B646AD /* FirebaseAnalytics */; };
		63774E262A7A86D500B646AD /* FirebaseAuth in Frameworks */ = {isa = PBXBuildFile; productRef = 63774E252A7A86D500B646AD /* FirebaseAuth */; };
		63774E282A7A86D500B646AD /* FirebaseDatabase in Frameworks */ = {isa = PBXBuildFile; productRef = 63774E272A7A86D500B646AD /* FirebaseDatabase */; };
		63774E2A2A7A86D500B646AD /* FirebaseDatabaseSwift in Frameworks */ = {isa = PBXBuildFile; productRef = 63774E292A7A86D500B646AD /* FirebaseDatabaseSwift */; };
		63774E2C2A7A86D500B646AD /* FirebaseFirestore in Frameworks */ = {isa = PBXBuildFile; productRef = 63774E2B2A7A86D500B646AD /* FirebaseFirestore */; };
		63774E2E2A7A86D500B646AD /* FirebaseFirestoreSwift in Frameworks */ = {isa = PBXBuildFile; productRef = 63774E2D2A7A86D500B646AD /* FirebaseFirestoreSwift */; };
		63774E302A7A86D500B646AD /* FirebaseStorage in Frameworks */ = {isa = PBXBuildFile; productRef = 63774E2F2A7A86D500B646AD /* FirebaseStorage */; };
		63774E322A7A94ED00B646AD /* ForgotPassVC.swift in Sources */ = {isa = PBXBuildFile; fileRef = 63774E312A7A94ED00B646AD /* ForgotPassVC.swift */; };
		63774E332A7A94ED00B646AD /* ForgotPassVC.swift in Sources */ = {isa = PBXBuildFile; fileRef = 63774E312A7A94ED00B646AD /* ForgotPassVC.swift */; };
		63774E342A7A94ED00B646AD /* ForgotPassVC.swift in Sources */ = {isa = PBXBuildFile; fileRef = 63774E312A7A94ED00B646AD /* ForgotPassVC.swift */; };
		63774E362A7A995C00B646AD /* CreateUserVC.swift in Sources */ = {isa = PBXBuildFile; fileRef = 63774E352A7A995C00B646AD /* CreateUserVC.swift */; };
		63774E372A7A995C00B646AD /* CreateUserVC.swift in Sources */ = {isa = PBXBuildFile; fileRef = 63774E352A7A995C00B646AD /* CreateUserVC.swift */; };
		63774E382A7A995C00B646AD /* CreateUserVC.swift in Sources */ = {isa = PBXBuildFile; fileRef = 63774E352A7A995C00B646AD /* CreateUserVC.swift */; };
		63774E3A2A7AA26D00B646AD /* Extension UIView.swift in Sources */ = {isa = PBXBuildFile; fileRef = 63774E392A7AA26D00B646AD /* Extension UIView.swift */; };
		63774E3B2A7AA26D00B646AD /* Extension UIView.swift in Sources */ = {isa = PBXBuildFile; fileRef = 63774E392A7AA26D00B646AD /* Extension UIView.swift */; };
		63774E3C2A7AA26D00B646AD /* Extension UIView.swift in Sources */ = {isa = PBXBuildFile; fileRef = 63774E392A7AA26D00B646AD /* Extension UIView.swift */; };
		638512212A498D8000A7C435 /* SeasonCell.swift in Sources */ = {isa = PBXBuildFile; fileRef = 6385121F2A498D8000A7C435 /* SeasonCell.swift */; };
		638512222A498D8000A7C435 /* SeasonCell.xib in Resources */ = {isa = PBXBuildFile; fileRef = 638512202A498D8000A7C435 /* SeasonCell.xib */; };
		638512252A4996D100A7C435 /* Extension Double.swift in Sources */ = {isa = PBXBuildFile; fileRef = 638512242A4996D100A7C435 /* Extension Double.swift */; };
		638512272A49A9EA00A7C435 /* Extension String.swift in Sources */ = {isa = PBXBuildFile; fileRef = 638512262A49A9EA00A7C435 /* Extension String.swift */; };
		639551A02A4C535A00F0E519 /* TabBarController.swift in Sources */ = {isa = PBXBuildFile; fileRef = 6395519F2A4C535A00F0E519 /* TabBarController.swift */; };
		639551A62A4C5C8500F0E519 /* LoginVC.swift in Sources */ = {isa = PBXBuildFile; fileRef = 639551A52A4C5C8500F0E519 /* LoginVC.swift */; };
		63AE6A322A42FBA400A258DD /* MovieDetailModel.swift in Sources */ = {isa = PBXBuildFile; fileRef = 63AE6A312A42FBA400A258DD /* MovieDetailModel.swift */; };
		63D00DD02A3B131A00A4FA92 /* AppDelegate.swift in Sources */ = {isa = PBXBuildFile; fileRef = 63D00DCF2A3B131A00A4FA92 /* AppDelegate.swift */; };
		63D00DD22A3B131A00A4FA92 /* SceneDelegate.swift in Sources */ = {isa = PBXBuildFile; fileRef = 63D00DD12A3B131A00A4FA92 /* SceneDelegate.swift */; };
		63D00DD72A3B131A00A4FA92 /* Main.storyboard in Resources */ = {isa = PBXBuildFile; fileRef = 63D00DD52A3B131A00A4FA92 /* Main.storyboard */; };
		63D00DD92A3B131B00A4FA92 /* Assets.xcassets in Resources */ = {isa = PBXBuildFile; fileRef = 63D00DD82A3B131B00A4FA92 /* Assets.xcassets */; };
		63D00DDC2A3B131B00A4FA92 /* LaunchScreen.storyboard in Resources */ = {isa = PBXBuildFile; fileRef = 63D00DDA2A3B131B00A4FA92 /* LaunchScreen.storyboard */; };
		63D00DE72A3B131B00A4FA92 /* MovieTimeTests.swift in Sources */ = {isa = PBXBuildFile; fileRef = 63D00DE62A3B131B00A4FA92 /* MovieTimeTests.swift */; };
		63D00DF12A3B131B00A4FA92 /* MovieTimeUITests.swift in Sources */ = {isa = PBXBuildFile; fileRef = 63D00DF02A3B131B00A4FA92 /* MovieTimeUITests.swift */; };
		63D00DF32A3B131B00A4FA92 /* MovieTimeUITestsLaunchTests.swift in Sources */ = {isa = PBXBuildFile; fileRef = 63D00DF22A3B131B00A4FA92 /* MovieTimeUITestsLaunchTests.swift */; };
		63D00E072A3B347A00A4FA92 /* FirstTabVC.swift in Sources */ = {isa = PBXBuildFile; fileRef = 63D00E062A3B347A00A4FA92 /* FirstTabVC.swift */; };
		63D00E092A3B348A00A4FA92 /* SecondTabVC.swift in Sources */ = {isa = PBXBuildFile; fileRef = 63D00E082A3B348A00A4FA92 /* SecondTabVC.swift */; };
		63D00E0B2A3B349A00A4FA92 /* ThirdTabVC.swift in Sources */ = {isa = PBXBuildFile; fileRef = 63D00E0A2A3B349A00A4FA92 /* ThirdTabVC.swift */; };
		63D00E0E2A3B3E8C00A4FA92 /* CellModel.swift in Sources */ = {isa = PBXBuildFile; fileRef = 63D00E0D2A3B3E8C00A4FA92 /* CellModel.swift */; };
		63D00E112A3B3ED800A4FA92 /* NetworkConstants.swift in Sources */ = {isa = PBXBuildFile; fileRef = 63D00E102A3B3ED800A4FA92 /* NetworkConstants.swift */; };
		63D00E132A3B3F3C00A4FA92 /* APICaller.swift in Sources */ = {isa = PBXBuildFile; fileRef = 63D00E122A3B3F3C00A4FA92 /* APICaller.swift */; };
		63DBCC672A4AF5370079D11B /* Extension VC.swift in Sources */ = {isa = PBXBuildFile; fileRef = 63DBCC662A4AF5370079D11B /* Extension VC.swift */; };
		63DBCC692A4AF7170079D11B /* PersonDetailModel.swift in Sources */ = {isa = PBXBuildFile; fileRef = 63DBCC682A4AF7170079D11B /* PersonDetailModel.swift */; };
		63DBCC6B2A4AF74D0079D11B /* JSONNullModel.swift in Sources */ = {isa = PBXBuildFile; fileRef = 63DBCC6A2A4AF74D0079D11B /* JSONNullModel.swift */; };
/* End PBXBuildFile section */

/* Begin PBXContainerItemProxy section */
		63D00DE32A3B131B00A4FA92 /* PBXContainerItemProxy */ = {
			isa = PBXContainerItemProxy;
			containerPortal = 63D00DC42A3B131A00A4FA92 /* Project object */;
			proxyType = 1;
			remoteGlobalIDString = 63D00DCB2A3B131A00A4FA92;
			remoteInfo = MovieTime;
		};
		63D00DED2A3B131B00A4FA92 /* PBXContainerItemProxy */ = {
			isa = PBXContainerItemProxy;
			containerPortal = 63D00DC42A3B131A00A4FA92 /* Project object */;
			proxyType = 1;
			remoteGlobalIDString = 63D00DCB2A3B131A00A4FA92;
			remoteInfo = MovieTime;
		};
/* End PBXContainerItemProxy section */

/* Begin PBXFileReference section */
		6321E25A2A41AD0800923EB8 /* SearchCell.swift */ = {isa = PBXFileReference; lastKnownFileType = sourcecode.swift; path = SearchCell.swift; sourceTree = "<group>"; };
		6321E2602A41D9DC00923EB8 /* DetailVC.swift */ = {isa = PBXFileReference; lastKnownFileType = sourcecode.swift; path = DetailVC.swift; sourceTree = "<group>"; };
		6321E2612A41D9DC00923EB8 /* DetailVC.xib */ = {isa = PBXFileReference; lastKnownFileType = file.xib; path = DetailVC.xib; sourceTree = "<group>"; };
		632FFDF12A434D6600F96962 /* CastCell.swift */ = {isa = PBXFileReference; lastKnownFileType = sourcecode.swift; path = CastCell.swift; sourceTree = "<group>"; };
		632FFDF22A434D6600F96962 /* CastCell.xib */ = {isa = PBXFileReference; lastKnownFileType = file.xib; path = CastCell.xib; sourceTree = "<group>"; };
		633AA4D12A484648002050B4 /* TVSeriesDetailModel.swift */ = {isa = PBXFileReference; lastKnownFileType = sourcecode.swift; path = TVSeriesDetailModel.swift; sourceTree = "<group>"; };
		633AA4D32A484673002050B4 /* OtherModels.swift */ = {isa = PBXFileReference; lastKnownFileType = sourcecode.swift; path = OtherModels.swift; sourceTree = "<group>"; };
		633AA4D52A4846F1002050B4 /* CastModel.swift */ = {isa = PBXFileReference; lastKnownFileType = sourcecode.swift; path = CastModel.swift; sourceTree = "<group>"; };
		63644A662A40969500685DC3 /* TrendingMoviesCell.swift */ = {isa = PBXFileReference; lastKnownFileType = sourcecode.swift; path = TrendingMoviesCell.swift; sourceTree = "<group>"; };
		63644A6B2A40A92D00685DC3 /* MoviesCell.swift */ = {isa = PBXFileReference; lastKnownFileType = sourcecode.swift; path = MoviesCell.swift; sourceTree = "<group>"; };
		636587B02A45B07300C6368F /* GenreCell.swift */ = {isa = PBXFileReference; lastKnownFileType = sourcecode.swift; path = GenreCell.swift; sourceTree = "<group>"; };
		636587B12A45B07300C6368F /* GenreCell.xib */ = {isa = PBXFileReference; lastKnownFileType = file.xib; path = GenreCell.xib; sourceTree = "<group>"; };
		63774E1E2A7A857D00B646AD /* GoogleService-Info.plist */ = {isa = PBXFileReference; fileEncoding = 4; lastKnownFileType = text.plist.xml; path = "GoogleService-Info.plist"; sourceTree = "<group>"; };
		63774E312A7A94ED00B646AD /* ForgotPassVC.swift */ = {isa = PBXFileReference; lastKnownFileType = sourcecode.swift; path = ForgotPassVC.swift; sourceTree = "<group>"; };
		63774E352A7A995C00B646AD /* CreateUserVC.swift */ = {isa = PBXFileReference; lastKnownFileType = sourcecode.swift; path = CreateUserVC.swift; sourceTree = "<group>"; };
		63774E392A7AA26D00B646AD /* Extension UIView.swift */ = {isa = PBXFileReference; lastKnownFileType = sourcecode.swift; path = "Extension UIView.swift"; sourceTree = "<group>"; };
		6385121F2A498D8000A7C435 /* SeasonCell.swift */ = {isa = PBXFileReference; lastKnownFileType = sourcecode.swift; path = SeasonCell.swift; sourceTree = "<group>"; };
		638512202A498D8000A7C435 /* SeasonCell.xib */ = {isa = PBXFileReference; lastKnownFileType = file.xib; path = SeasonCell.xib; sourceTree = "<group>"; };
		638512242A4996D100A7C435 /* Extension Double.swift */ = {isa = PBXFileReference; lastKnownFileType = sourcecode.swift; path = "Extension Double.swift"; sourceTree = "<group>"; };
		638512262A49A9EA00A7C435 /* Extension String.swift */ = {isa = PBXFileReference; lastKnownFileType = sourcecode.swift; path = "Extension String.swift"; sourceTree = "<group>"; };
		6395519F2A4C535A00F0E519 /* TabBarController.swift */ = {isa = PBXFileReference; lastKnownFileType = sourcecode.swift; path = TabBarController.swift; sourceTree = "<group>"; };
		639551A52A4C5C8500F0E519 /* LoginVC.swift */ = {isa = PBXFileReference; lastKnownFileType = sourcecode.swift; path = LoginVC.swift; sourceTree = "<group>"; };
		63AE6A312A42FBA400A258DD /* MovieDetailModel.swift */ = {isa = PBXFileReference; lastKnownFileType = sourcecode.swift; path = MovieDetailModel.swift; sourceTree = "<group>"; };
		63D00DCC2A3B131A00A4FA92 /* MovieTime.app */ = {isa = PBXFileReference; explicitFileType = wrapper.application; includeInIndex = 0; path = MovieTime.app; sourceTree = BUILT_PRODUCTS_DIR; };
		63D00DCF2A3B131A00A4FA92 /* AppDelegate.swift */ = {isa = PBXFileReference; lastKnownFileType = sourcecode.swift; path = AppDelegate.swift; sourceTree = "<group>"; };
		63D00DD12A3B131A00A4FA92 /* SceneDelegate.swift */ = {isa = PBXFileReference; lastKnownFileType = sourcecode.swift; path = SceneDelegate.swift; sourceTree = "<group>"; };
		63D00DD62A3B131A00A4FA92 /* Base */ = {isa = PBXFileReference; lastKnownFileType = file.storyboard; name = Base; path = Base.lproj/Main.storyboard; sourceTree = "<group>"; };
		63D00DD82A3B131B00A4FA92 /* Assets.xcassets */ = {isa = PBXFileReference; lastKnownFileType = folder.assetcatalog; path = Assets.xcassets; sourceTree = "<group>"; };
		63D00DDB2A3B131B00A4FA92 /* Base */ = {isa = PBXFileReference; lastKnownFileType = file.storyboard; name = Base; path = Base.lproj/LaunchScreen.storyboard; sourceTree = "<group>"; };
		63D00DDD2A3B131B00A4FA92 /* Info.plist */ = {isa = PBXFileReference; lastKnownFileType = text.plist.xml; path = Info.plist; sourceTree = "<group>"; };
		63D00DE22A3B131B00A4FA92 /* MovieTimeTests.xctest */ = {isa = PBXFileReference; explicitFileType = wrapper.cfbundle; includeInIndex = 0; path = MovieTimeTests.xctest; sourceTree = BUILT_PRODUCTS_DIR; };
		63D00DE62A3B131B00A4FA92 /* MovieTimeTests.swift */ = {isa = PBXFileReference; lastKnownFileType = sourcecode.swift; path = MovieTimeTests.swift; sourceTree = "<group>"; };
		63D00DEC2A3B131B00A4FA92 /* MovieTimeUITests.xctest */ = {isa = PBXFileReference; explicitFileType = wrapper.cfbundle; includeInIndex = 0; path = MovieTimeUITests.xctest; sourceTree = BUILT_PRODUCTS_DIR; };
		63D00DF02A3B131B00A4FA92 /* MovieTimeUITests.swift */ = {isa = PBXFileReference; lastKnownFileType = sourcecode.swift; path = MovieTimeUITests.swift; sourceTree = "<group>"; };
		63D00DF22A3B131B00A4FA92 /* MovieTimeUITestsLaunchTests.swift */ = {isa = PBXFileReference; lastKnownFileType = sourcecode.swift; path = MovieTimeUITestsLaunchTests.swift; sourceTree = "<group>"; };
		63D00E062A3B347A00A4FA92 /* FirstTabVC.swift */ = {isa = PBXFileReference; lastKnownFileType = sourcecode.swift; path = FirstTabVC.swift; sourceTree = "<group>"; };
		63D00E082A3B348A00A4FA92 /* SecondTabVC.swift */ = {isa = PBXFileReference; lastKnownFileType = sourcecode.swift; path = SecondTabVC.swift; sourceTree = "<group>"; };
		63D00E0A2A3B349A00A4FA92 /* ThirdTabVC.swift */ = {isa = PBXFileReference; lastKnownFileType = sourcecode.swift; path = ThirdTabVC.swift; sourceTree = "<group>"; };
		63D00E0D2A3B3E8C00A4FA92 /* CellModel.swift */ = {isa = PBXFileReference; lastKnownFileType = sourcecode.swift; path = CellModel.swift; sourceTree = "<group>"; };
		63D00E102A3B3ED800A4FA92 /* NetworkConstants.swift */ = {isa = PBXFileReference; lastKnownFileType = sourcecode.swift; path = NetworkConstants.swift; sourceTree = "<group>"; };
		63D00E122A3B3F3C00A4FA92 /* APICaller.swift */ = {isa = PBXFileReference; lastKnownFileType = sourcecode.swift; path = APICaller.swift; sourceTree = "<group>"; };
		63DBCC662A4AF5370079D11B /* Extension VC.swift */ = {isa = PBXFileReference; lastKnownFileType = sourcecode.swift; path = "Extension VC.swift"; sourceTree = "<group>"; };
		63DBCC682A4AF7170079D11B /* PersonDetailModel.swift */ = {isa = PBXFileReference; lastKnownFileType = sourcecode.swift; path = PersonDetailModel.swift; sourceTree = "<group>"; };
		63DBCC6A2A4AF74D0079D11B /* JSONNullModel.swift */ = {isa = PBXFileReference; lastKnownFileType = sourcecode.swift; path = JSONNullModel.swift; sourceTree = "<group>"; };
/* End PBXFileReference section */

/* Begin PBXFrameworksBuildPhase section */
		63D00DC92A3B131A00A4FA92 /* Frameworks */ = {
			isa = PBXFrameworksBuildPhase;
			buildActionMask = 2147483647;
			files = (
				63774E2A2A7A86D500B646AD /* FirebaseDatabaseSwift in Frameworks */,
				63774E242A7A86D500B646AD /* FirebaseAnalytics in Frameworks */,
				63774E262A7A86D500B646AD /* FirebaseAuth in Frameworks */,
				63774E2E2A7A86D500B646AD /* FirebaseFirestoreSwift in Frameworks */,
				63774E282A7A86D500B646AD /* FirebaseDatabase in Frameworks */,
				63774E302A7A86D500B646AD /* FirebaseStorage in Frameworks */,
				63644A6A2A409A5000685DC3 /* SDWebImage in Frameworks */,
				63774E2C2A7A86D500B646AD /* FirebaseFirestore in Frameworks */,
			);
			runOnlyForDeploymentPostprocessing = 0;
		};
		63D00DDF2A3B131B00A4FA92 /* Frameworks */ = {
			isa = PBXFrameworksBuildPhase;
			buildActionMask = 2147483647;
			files = (
			);
			runOnlyForDeploymentPostprocessing = 0;
		};
		63D00DE92A3B131B00A4FA92 /* Frameworks */ = {
			isa = PBXFrameworksBuildPhase;
			buildActionMask = 2147483647;
			files = (
			);
			runOnlyForDeploymentPostprocessing = 0;
		};
/* End PBXFrameworksBuildPhase section */

/* Begin PBXGroup section */
		63644A642A40966700685DC3 /* Resources */ = {
			isa = PBXGroup;
			children = (
				63D00DD82A3B131B00A4FA92 /* Assets.xcassets */,
			);
			path = Resources;
			sourceTree = "<group>";
		};
		63644A652A40967800685DC3 /* Cells */ = {
			isa = PBXGroup;
			children = (
				63644A662A40969500685DC3 /* TrendingMoviesCell.swift */,
				63644A6B2A40A92D00685DC3 /* MoviesCell.swift */,
				6321E25A2A41AD0800923EB8 /* SearchCell.swift */,
				632FFDF12A434D6600F96962 /* CastCell.swift */,
				632FFDF22A434D6600F96962 /* CastCell.xib */,
				636587B02A45B07300C6368F /* GenreCell.swift */,
				636587B12A45B07300C6368F /* GenreCell.xib */,
				6385121F2A498D8000A7C435 /* SeasonCell.swift */,
				638512202A498D8000A7C435 /* SeasonCell.xib */,
			);
			path = Cells;
			sourceTree = "<group>";
		};
		638512232A4996BD00A7C435 /* Extensions */ = {
			isa = PBXGroup;
			children = (
				638512242A4996D100A7C435 /* Extension Double.swift */,
				638512262A49A9EA00A7C435 /* Extension String.swift */,
				63DBCC662A4AF5370079D11B /* Extension VC.swift */,
				63774E392A7AA26D00B646AD /* Extension UIView.swift */,
			);
			path = Extensions;
			sourceTree = "<group>";
		};
		63D00DC32A3B131A00A4FA92 = {
			isa = PBXGroup;
			children = (
				63D00DCE2A3B131A00A4FA92 /* MovieTime */,
				63D00DE52A3B131B00A4FA92 /* MovieTimeTests */,
				63D00DEF2A3B131B00A4FA92 /* MovieTimeUITests */,
				63D00DCD2A3B131A00A4FA92 /* Products */,
			);
			sourceTree = "<group>";
		};
		63D00DCD2A3B131A00A4FA92 /* Products */ = {
			isa = PBXGroup;
			children = (
				63D00DCC2A3B131A00A4FA92 /* MovieTime.app */,
				63D00DE22A3B131B00A4FA92 /* MovieTimeTests.xctest */,
				63D00DEC2A3B131B00A4FA92 /* MovieTimeUITests.xctest */,
			);
			name = Products;
			sourceTree = "<group>";
		};
		63D00DCE2A3B131A00A4FA92 /* MovieTime */ = {
			isa = PBXGroup;
			children = (
				638512232A4996BD00A7C435 /* Extensions */,
				63644A652A40967800685DC3 /* Cells */,
				63644A642A40966700685DC3 /* Resources */,
				63D00E0F2A3B3EC000A4FA92 /* Network */,
				63D00E0C2A3B3E7700A4FA92 /* Models */,
				63D00E052A3B345700A4FA92 /* Views */,
				63D00DCF2A3B131A00A4FA92 /* AppDelegate.swift */,
				63D00DD12A3B131A00A4FA92 /* SceneDelegate.swift */,
				63D00DDD2A3B131B00A4FA92 /* Info.plist */,
				63774E1E2A7A857D00B646AD /* GoogleService-Info.plist */,
			);
			path = MovieTime;
			sourceTree = "<group>";
		};
		63D00DE52A3B131B00A4FA92 /* MovieTimeTests */ = {
			isa = PBXGroup;
			children = (
				63D00DE62A3B131B00A4FA92 /* MovieTimeTests.swift */,
			);
			path = MovieTimeTests;
			sourceTree = "<group>";
		};
		63D00DEF2A3B131B00A4FA92 /* MovieTimeUITests */ = {
			isa = PBXGroup;
			children = (
				63D00DF02A3B131B00A4FA92 /* MovieTimeUITests.swift */,
				63D00DF22A3B131B00A4FA92 /* MovieTimeUITestsLaunchTests.swift */,
			);
			path = MovieTimeUITests;
			sourceTree = "<group>";
		};
		63D00E052A3B345700A4FA92 /* Views */ = {
			isa = PBXGroup;
			children = (
				63D00DD52A3B131A00A4FA92 /* Main.storyboard */,
				63D00DDA2A3B131B00A4FA92 /* LaunchScreen.storyboard */,
				6321E2612A41D9DC00923EB8 /* DetailVC.xib */,
				639551A52A4C5C8500F0E519 /* LoginVC.swift */,
				6395519F2A4C535A00F0E519 /* TabBarController.swift */,
				63D00E062A3B347A00A4FA92 /* FirstTabVC.swift */,
				63D00E082A3B348A00A4FA92 /* SecondTabVC.swift */,
				63D00E0A2A3B349A00A4FA92 /* ThirdTabVC.swift */,
				6321E2602A41D9DC00923EB8 /* DetailVC.swift */,
				63774E312A7A94ED00B646AD /* ForgotPassVC.swift */,
				63774E352A7A995C00B646AD /* CreateUserVC.swift */,
			);
			path = Views;
			sourceTree = "<group>";
		};
		63D00E0C2A3B3E7700A4FA92 /* Models */ = {
			isa = PBXGroup;
			children = (
				63D00E0D2A3B3E8C00A4FA92 /* CellModel.swift */,
				63AE6A312A42FBA400A258DD /* MovieDetailModel.swift */,
				633AA4D12A484648002050B4 /* TVSeriesDetailModel.swift */,
				633AA4D32A484673002050B4 /* OtherModels.swift */,
				633AA4D52A4846F1002050B4 /* CastModel.swift */,
				63DBCC682A4AF7170079D11B /* PersonDetailModel.swift */,
				63DBCC6A2A4AF74D0079D11B /* JSONNullModel.swift */,
			);
			path = Models;
			sourceTree = "<group>";
		};
		63D00E0F2A3B3EC000A4FA92 /* Network */ = {
			isa = PBXGroup;
			children = (
				63D00E102A3B3ED800A4FA92 /* NetworkConstants.swift */,
				63D00E122A3B3F3C00A4FA92 /* APICaller.swift */,
			);
			path = Network;
			sourceTree = "<group>";
		};
/* End PBXGroup section */

/* Begin PBXNativeTarget section */
		63D00DCB2A3B131A00A4FA92 /* MovieTime */ = {
			isa = PBXNativeTarget;
			buildConfigurationList = 63D00DF62A3B131B00A4FA92 /* Build configuration list for PBXNativeTarget "MovieTime" */;
			buildPhases = (
				63D00DC82A3B131A00A4FA92 /* Sources */,
				63D00DC92A3B131A00A4FA92 /* Frameworks */,
				63D00DCA2A3B131A00A4FA92 /* Resources */,
			);
			buildRules = (
			);
			dependencies = (
			);
			name = MovieTime;
			packageProductDependencies = (
				63644A692A409A5000685DC3 /* SDWebImage */,
				63774E232A7A86D500B646AD /* FirebaseAnalytics */,
				63774E252A7A86D500B646AD /* FirebaseAuth */,
				63774E272A7A86D500B646AD /* FirebaseDatabase */,
				63774E292A7A86D500B646AD /* FirebaseDatabaseSwift */,
				63774E2B2A7A86D500B646AD /* FirebaseFirestore */,
				63774E2D2A7A86D500B646AD /* FirebaseFirestoreSwift */,
				63774E2F2A7A86D500B646AD /* FirebaseStorage */,
			);
			productName = MovieTime;
			productReference = 63D00DCC2A3B131A00A4FA92 /* MovieTime.app */;
			productType = "com.apple.product-type.application";
		};
		63D00DE12A3B131B00A4FA92 /* MovieTimeTests */ = {
			isa = PBXNativeTarget;
			buildConfigurationList = 63D00DF92A3B131B00A4FA92 /* Build configuration list for PBXNativeTarget "MovieTimeTests" */;
			buildPhases = (
				63D00DDE2A3B131B00A4FA92 /* Sources */,
				63D00DDF2A3B131B00A4FA92 /* Frameworks */,
				63D00DE02A3B131B00A4FA92 /* Resources */,
			);
			buildRules = (
			);
			dependencies = (
				63D00DE42A3B131B00A4FA92 /* PBXTargetDependency */,
			);
			name = MovieTimeTests;
			productName = MovieTimeTests;
			productReference = 63D00DE22A3B131B00A4FA92 /* MovieTimeTests.xctest */;
			productType = "com.apple.product-type.bundle.unit-test";
		};
		63D00DEB2A3B131B00A4FA92 /* MovieTimeUITests */ = {
			isa = PBXNativeTarget;
			buildConfigurationList = 63D00DFC2A3B131B00A4FA92 /* Build configuration list for PBXNativeTarget "MovieTimeUITests" */;
			buildPhases = (
				63D00DE82A3B131B00A4FA92 /* Sources */,
				63D00DE92A3B131B00A4FA92 /* Frameworks */,
				63D00DEA2A3B131B00A4FA92 /* Resources */,
			);
			buildRules = (
			);
			dependencies = (
				63D00DEE2A3B131B00A4FA92 /* PBXTargetDependency */,
			);
			name = MovieTimeUITests;
			productName = MovieTimeUITests;
			productReference = 63D00DEC2A3B131B00A4FA92 /* MovieTimeUITests.xctest */;
			productType = "com.apple.product-type.bundle.ui-testing";
		};
/* End PBXNativeTarget section */

/* Begin PBXProject section */
		63D00DC42A3B131A00A4FA92 /* Project object */ = {
			isa = PBXProject;
			attributes = {
				BuildIndependentTargetsInParallel = 1;
				LastSwiftUpdateCheck = 1430;
				LastUpgradeCheck = 1430;
				TargetAttributes = {
					63D00DCB2A3B131A00A4FA92 = {
						CreatedOnToolsVersion = 14.3.1;
					};
					63D00DE12A3B131B00A4FA92 = {
						CreatedOnToolsVersion = 14.3.1;
						TestTargetID = 63D00DCB2A3B131A00A4FA92;
					};
					63D00DEB2A3B131B00A4FA92 = {
						CreatedOnToolsVersion = 14.3.1;
						TestTargetID = 63D00DCB2A3B131A00A4FA92;
					};
				};
			};
			buildConfigurationList = 63D00DC72A3B131A00A4FA92 /* Build configuration list for PBXProject "MovieTime" */;
			compatibilityVersion = "Xcode 14.0";
			developmentRegion = en;
			hasScannedForEncodings = 0;
			knownRegions = (
				en,
				Base,
			);
			mainGroup = 63D00DC32A3B131A00A4FA92;
			packageReferences = (
				63644A682A409A5000685DC3 /* XCRemoteSwiftPackageReference "SDWebImage" */,
				63774E222A7A86D500B646AD /* XCRemoteSwiftPackageReference "firebase-ios-sdk" */,
			);
			productRefGroup = 63D00DCD2A3B131A00A4FA92 /* Products */;
			projectDirPath = "";
			projectRoot = "";
			targets = (
				63D00DCB2A3B131A00A4FA92 /* MovieTime */,
				63D00DE12A3B131B00A4FA92 /* MovieTimeTests */,
				63D00DEB2A3B131B00A4FA92 /* MovieTimeUITests */,
			);
		};
/* End PBXProject section */

/* Begin PBXResourcesBuildPhase section */
		63D00DCA2A3B131A00A4FA92 /* Resources */ = {
			isa = PBXResourcesBuildPhase;
			buildActionMask = 2147483647;
			files = (
				63D00DDC2A3B131B00A4FA92 /* LaunchScreen.storyboard in Resources */,
				63774E1F2A7A857D00B646AD /* GoogleService-Info.plist in Resources */,
				632FFDF42A434D6600F96962 /* CastCell.xib in Resources */,
				638512222A498D8000A7C435 /* SeasonCell.xib in Resources */,
				6321E2632A41D9DC00923EB8 /* DetailVC.xib in Resources */,
				636587B32A45B07300C6368F /* GenreCell.xib in Resources */,
				63D00DD92A3B131B00A4FA92 /* Assets.xcassets in Resources */,
				63D00DD72A3B131A00A4FA92 /* Main.storyboard in Resources */,
			);
			runOnlyForDeploymentPostprocessing = 0;
		};
		63D00DE02A3B131B00A4FA92 /* Resources */ = {
			isa = PBXResourcesBuildPhase;
			buildActionMask = 2147483647;
			files = (
				63774E202A7A857D00B646AD /* GoogleService-Info.plist in Resources */,
			);
			runOnlyForDeploymentPostprocessing = 0;
		};
		63D00DEA2A3B131B00A4FA92 /* Resources */ = {
			isa = PBXResourcesBuildPhase;
			buildActionMask = 2147483647;
			files = (
				63774E212A7A857D00B646AD /* GoogleService-Info.plist in Resources */,
			);
			runOnlyForDeploymentPostprocessing = 0;
		};
/* End PBXResourcesBuildPhase section */

/* Begin PBXSourcesBuildPhase section */
		63D00DC82A3B131A00A4FA92 /* Sources */ = {
			isa = PBXSourcesBuildPhase;
			buildActionMask = 2147483647;
			files = (
				63D00E112A3B3ED800A4FA92 /* NetworkConstants.swift in Sources */,
				639551A02A4C535A00F0E519 /* TabBarController.swift in Sources */,
				6321E25B2A41AD0800923EB8 /* SearchCell.swift in Sources */,
				63D00E0E2A3B3E8C00A4FA92 /* CellModel.swift in Sources */,
				63644A672A40969500685DC3 /* TrendingMoviesCell.swift in Sources */,
				63DBCC6B2A4AF74D0079D11B /* JSONNullModel.swift in Sources */,
				63D00E0B2A3B349A00A4FA92 /* ThirdTabVC.swift in Sources */,
				638512272A49A9EA00A7C435 /* Extension String.swift in Sources */,
				6321E2622A41D9DC00923EB8 /* DetailVC.swift in Sources */,
				638512252A4996D100A7C435 /* Extension Double.swift in Sources */,
				632FFDF32A434D6600F96962 /* CastCell.swift in Sources */,
				63DBCC672A4AF5370079D11B /* Extension VC.swift in Sources */,
				63D00E092A3B348A00A4FA92 /* SecondTabVC.swift in Sources */,
				63774E362A7A995C00B646AD /* CreateUserVC.swift in Sources */,
				636587B22A45B07300C6368F /* GenreCell.swift in Sources */,
				633AA4D42A484673002050B4 /* OtherModels.swift in Sources */,
				63AE6A322A42FBA400A258DD /* MovieDetailModel.swift in Sources */,
				63774E3A2A7AA26D00B646AD /* Extension UIView.swift in Sources */,
				63D00DD02A3B131A00A4FA92 /* AppDelegate.swift in Sources */,
				638512212A498D8000A7C435 /* SeasonCell.swift in Sources */,
				63644A6C2A40A92D00685DC3 /* MoviesCell.swift in Sources */,
				63DBCC692A4AF7170079D11B /* PersonDetailModel.swift in Sources */,
				63D00E072A3B347A00A4FA92 /* FirstTabVC.swift in Sources */,
				633AA4D62A4846F1002050B4 /* CastModel.swift in Sources */,
				639551A62A4C5C8500F0E519 /* LoginVC.swift in Sources */,
				633AA4D22A484648002050B4 /* TVSeriesDetailModel.swift in Sources */,
				63774E322A7A94ED00B646AD /* ForgotPassVC.swift in Sources */,
				63D00DD22A3B131A00A4FA92 /* SceneDelegate.swift in Sources */,
				63D00E132A3B3F3C00A4FA92 /* APICaller.swift in Sources */,
			);
			runOnlyForDeploymentPostprocessing = 0;
		};
		63D00DDE2A3B131B00A4FA92 /* Sources */ = {
			isa = PBXSourcesBuildPhase;
			buildActionMask = 2147483647;
			files = (
				63774E372A7A995C00B646AD /* CreateUserVC.swift in Sources */,
				63774E332A7A94ED00B646AD /* ForgotPassVC.swift in Sources */,
				63D00DE72A3B131B00A4FA92 /* MovieTimeTests.swift in Sources */,
				63774E3B2A7AA26D00B646AD /* Extension UIView.swift in Sources */,
			);
			runOnlyForDeploymentPostprocessing = 0;
		};
		63D00DE82A3B131B00A4FA92 /* Sources */ = {
			isa = PBXSourcesBuildPhase;
			buildActionMask = 2147483647;
			files = (
				63774E342A7A94ED00B646AD /* ForgotPassVC.swift in Sources */,
				63774E382A7A995C00B646AD /* CreateUserVC.swift in Sources */,
				63D00DF32A3B131B00A4FA92 /* MovieTimeUITestsLaunchTests.swift in Sources */,
				63774E3C2A7AA26D00B646AD /* Extension UIView.swift in Sources */,
				63D00DF12A3B131B00A4FA92 /* MovieTimeUITests.swift in Sources */,
			);
			runOnlyForDeploymentPostprocessing = 0;
		};
/* End PBXSourcesBuildPhase section */

/* Begin PBXTargetDependency section */
		63D00DE42A3B131B00A4FA92 /* PBXTargetDependency */ = {
			isa = PBXTargetDependency;
			target = 63D00DCB2A3B131A00A4FA92 /* MovieTime */;
			targetProxy = 63D00DE32A3B131B00A4FA92 /* PBXContainerItemProxy */;
		};
		63D00DEE2A3B131B00A4FA92 /* PBXTargetDependency */ = {
			isa = PBXTargetDependency;
			target = 63D00DCB2A3B131A00A4FA92 /* MovieTime */;
			targetProxy = 63D00DED2A3B131B00A4FA92 /* PBXContainerItemProxy */;
		};
/* End PBXTargetDependency section */

/* Begin PBXVariantGroup section */
		63D00DD52A3B131A00A4FA92 /* Main.storyboard */ = {
			isa = PBXVariantGroup;
			children = (
				63D00DD62A3B131A00A4FA92 /* Base */,
			);
			name = Main.storyboard;
			sourceTree = "<group>";
		};
		63D00DDA2A3B131B00A4FA92 /* LaunchScreen.storyboard */ = {
			isa = PBXVariantGroup;
			children = (
				63D00DDB2A3B131B00A4FA92 /* Base */,
			);
			name = LaunchScreen.storyboard;
			sourceTree = "<group>";
		};
/* End PBXVariantGroup section */

/* Begin XCBuildConfiguration section */
		63D00DF42A3B131B00A4FA92 /* Debug */ = {
			isa = XCBuildConfiguration;
			buildSettings = {
				ALWAYS_SEARCH_USER_PATHS = NO;
				CLANG_ANALYZER_NONNULL = YES;
				CLANG_ANALYZER_NUMBER_OBJECT_CONVERSION = YES_AGGRESSIVE;
				CLANG_CXX_LANGUAGE_STANDARD = "gnu++20";
				CLANG_ENABLE_MODULES = YES;
				CLANG_ENABLE_OBJC_ARC = YES;
				CLANG_ENABLE_OBJC_WEAK = YES;
				CLANG_WARN_BLOCK_CAPTURE_AUTORELEASING = YES;
				CLANG_WARN_BOOL_CONVERSION = YES;
				CLANG_WARN_COMMA = YES;
				CLANG_WARN_CONSTANT_CONVERSION = YES;
				CLANG_WARN_DEPRECATED_OBJC_IMPLEMENTATIONS = YES;
				CLANG_WARN_DIRECT_OBJC_ISA_USAGE = YES_ERROR;
				CLANG_WARN_DOCUMENTATION_COMMENTS = YES;
				CLANG_WARN_EMPTY_BODY = YES;
				CLANG_WARN_ENUM_CONVERSION = YES;
				CLANG_WARN_INFINITE_RECURSION = YES;
				CLANG_WARN_INT_CONVERSION = YES;
				CLANG_WARN_NON_LITERAL_NULL_CONVERSION = YES;
				CLANG_WARN_OBJC_IMPLICIT_RETAIN_SELF = YES;
				CLANG_WARN_OBJC_LITERAL_CONVERSION = YES;
				CLANG_WARN_OBJC_ROOT_CLASS = YES_ERROR;
				CLANG_WARN_QUOTED_INCLUDE_IN_FRAMEWORK_HEADER = YES;
				CLANG_WARN_RANGE_LOOP_ANALYSIS = YES;
				CLANG_WARN_STRICT_PROTOTYPES = YES;
				CLANG_WARN_SUSPICIOUS_MOVE = YES;
				CLANG_WARN_UNGUARDED_AVAILABILITY = YES_AGGRESSIVE;
				CLANG_WARN_UNREACHABLE_CODE = YES;
				CLANG_WARN__DUPLICATE_METHOD_MATCH = YES;
				COPY_PHASE_STRIP = NO;
				DEBUG_INFORMATION_FORMAT = dwarf;
				ENABLE_STRICT_OBJC_MSGSEND = YES;
				ENABLE_TESTABILITY = YES;
				GCC_C_LANGUAGE_STANDARD = gnu11;
				GCC_DYNAMIC_NO_PIC = NO;
				GCC_NO_COMMON_BLOCKS = YES;
				GCC_OPTIMIZATION_LEVEL = 0;
				GCC_PREPROCESSOR_DEFINITIONS = (
					"DEBUG=1",
					"$(inherited)",
				);
				GCC_WARN_64_TO_32_BIT_CONVERSION = YES;
				GCC_WARN_ABOUT_RETURN_TYPE = YES_ERROR;
				GCC_WARN_UNDECLARED_SELECTOR = YES;
				GCC_WARN_UNINITIALIZED_AUTOS = YES_AGGRESSIVE;
				GCC_WARN_UNUSED_FUNCTION = YES;
				GCC_WARN_UNUSED_VARIABLE = YES;
				IPHONEOS_DEPLOYMENT_TARGET = 16.4;
				MTL_ENABLE_DEBUG_INFO = INCLUDE_SOURCE;
				MTL_FAST_MATH = YES;
				ONLY_ACTIVE_ARCH = YES;
				SDKROOT = iphoneos;
				SWIFT_ACTIVE_COMPILATION_CONDITIONS = DEBUG;
				SWIFT_OPTIMIZATION_LEVEL = "-Onone";
			};
			name = Debug;
		};
		63D00DF52A3B131B00A4FA92 /* Release */ = {
			isa = XCBuildConfiguration;
			buildSettings = {
				ALWAYS_SEARCH_USER_PATHS = NO;
				CLANG_ANALYZER_NONNULL = YES;
				CLANG_ANALYZER_NUMBER_OBJECT_CONVERSION = YES_AGGRESSIVE;
				CLANG_CXX_LANGUAGE_STANDARD = "gnu++20";
				CLANG_ENABLE_MODULES = YES;
				CLANG_ENABLE_OBJC_ARC = YES;
				CLANG_ENABLE_OBJC_WEAK = YES;
				CLANG_WARN_BLOCK_CAPTURE_AUTORELEASING = YES;
				CLANG_WARN_BOOL_CONVERSION = YES;
				CLANG_WARN_COMMA = YES;
				CLANG_WARN_CONSTANT_CONVERSION = YES;
				CLANG_WARN_DEPRECATED_OBJC_IMPLEMENTATIONS = YES;
				CLANG_WARN_DIRECT_OBJC_ISA_USAGE = YES_ERROR;
				CLANG_WARN_DOCUMENTATION_COMMENTS = YES;
				CLANG_WARN_EMPTY_BODY = YES;
				CLANG_WARN_ENUM_CONVERSION = YES;
				CLANG_WARN_INFINITE_RECURSION = YES;
				CLANG_WARN_INT_CONVERSION = YES;
				CLANG_WARN_NON_LITERAL_NULL_CONVERSION = YES;
				CLANG_WARN_OBJC_IMPLICIT_RETAIN_SELF = YES;
				CLANG_WARN_OBJC_LITERAL_CONVERSION = YES;
				CLANG_WARN_OBJC_ROOT_CLASS = YES_ERROR;
				CLANG_WARN_QUOTED_INCLUDE_IN_FRAMEWORK_HEADER = YES;
				CLANG_WARN_RANGE_LOOP_ANALYSIS = YES;
				CLANG_WARN_STRICT_PROTOTYPES = YES;
				CLANG_WARN_SUSPICIOUS_MOVE = YES;
				CLANG_WARN_UNGUARDED_AVAILABILITY = YES_AGGRESSIVE;
				CLANG_WARN_UNREACHABLE_CODE = YES;
				CLANG_WARN__DUPLICATE_METHOD_MATCH = YES;
				COPY_PHASE_STRIP = NO;
				DEBUG_INFORMATION_FORMAT = "dwarf-with-dsym";
				ENABLE_NS_ASSERTIONS = NO;
				ENABLE_STRICT_OBJC_MSGSEND = YES;
				GCC_C_LANGUAGE_STANDARD = gnu11;
				GCC_NO_COMMON_BLOCKS = YES;
				GCC_WARN_64_TO_32_BIT_CONVERSION = YES;
				GCC_WARN_ABOUT_RETURN_TYPE = YES_ERROR;
				GCC_WARN_UNDECLARED_SELECTOR = YES;
				GCC_WARN_UNINITIALIZED_AUTOS = YES_AGGRESSIVE;
				GCC_WARN_UNUSED_FUNCTION = YES;
				GCC_WARN_UNUSED_VARIABLE = YES;
				IPHONEOS_DEPLOYMENT_TARGET = 16.4;
				MTL_ENABLE_DEBUG_INFO = NO;
				MTL_FAST_MATH = YES;
				SDKROOT = iphoneos;
				SWIFT_COMPILATION_MODE = wholemodule;
				SWIFT_OPTIMIZATION_LEVEL = "-O";
				VALIDATE_PRODUCT = YES;
			};
			name = Release;
		};
		63D00DF72A3B131B00A4FA92 /* Debug */ = {
			isa = XCBuildConfiguration;
			buildSettings = {
				ASSETCATALOG_COMPILER_APPICON_NAME = AppIcon;
				ASSETCATALOG_COMPILER_GLOBAL_ACCENT_COLOR_NAME = AccentColor;
				CODE_SIGN_STYLE = Automatic;
				CURRENT_PROJECT_VERSION = 1;
				DEVELOPMENT_TEAM = 637FC6BUKX;
				GENERATE_INFOPLIST_FILE = YES;
				INFOPLIST_FILE = MovieTime/Info.plist;
				INFOPLIST_KEY_UIApplicationSupportsIndirectInputEvents = YES;
				INFOPLIST_KEY_UILaunchStoryboardName = LaunchScreen;
				INFOPLIST_KEY_UIMainStoryboardFile = Main;
				INFOPLIST_KEY_UISupportedInterfaceOrientations_iPad = "UIInterfaceOrientationPortrait UIInterfaceOrientationPortraitUpsideDown UIInterfaceOrientationLandscapeLeft UIInterfaceOrientationLandscapeRight";
				INFOPLIST_KEY_UISupportedInterfaceOrientations_iPhone = "UIInterfaceOrientationPortrait UIInterfaceOrientationLandscapeLeft UIInterfaceOrientationLandscapeRight";
				LD_RUNPATH_SEARCH_PATHS = (
					"$(inherited)",
					"@executable_path/Frameworks",
				);
				MARKETING_VERSION = 1.0;
				PRODUCT_BUNDLE_IDENTIFIER = com.ekenozlu.MovieTime;
				PRODUCT_NAME = "$(TARGET_NAME)";
				SWIFT_EMIT_LOC_STRINGS = YES;
				SWIFT_VERSION = 5.0;
				TARGETED_DEVICE_FAMILY = "1,2";
			};
			name = Debug;
		};
		63D00DF82A3B131B00A4FA92 /* Release */ = {
			isa = XCBuildConfiguration;
			buildSettings = {
				ASSETCATALOG_COMPILER_APPICON_NAME = AppIcon;
				ASSETCATALOG_COMPILER_GLOBAL_ACCENT_COLOR_NAME = AccentColor;
				CODE_SIGN_STYLE = Automatic;
				CURRENT_PROJECT_VERSION = 1;
				DEVELOPMENT_TEAM = 637FC6BUKX;
				GENERATE_INFOPLIST_FILE = YES;
				INFOPLIST_FILE = MovieTime/Info.plist;
				INFOPLIST_KEY_UIApplicationSupportsIndirectInputEvents = YES;
				INFOPLIST_KEY_UILaunchStoryboardName = LaunchScreen;
				INFOPLIST_KEY_UIMainStoryboardFile = Main;
				INFOPLIST_KEY_UISupportedInterfaceOrientations_iPad = "UIInterfaceOrientationPortrait UIInterfaceOrientationPortraitUpsideDown UIInterfaceOrientationLandscapeLeft UIInterfaceOrientationLandscapeRight";
				INFOPLIST_KEY_UISupportedInterfaceOrientations_iPhone = "UIInterfaceOrientationPortrait UIInterfaceOrientationLandscapeLeft UIInterfaceOrientationLandscapeRight";
				LD_RUNPATH_SEARCH_PATHS = (
					"$(inherited)",
					"@executable_path/Frameworks",
				);
				MARKETING_VERSION = 1.0;
				PRODUCT_BUNDLE_IDENTIFIER = com.ekenozlu.MovieTime;
				PRODUCT_NAME = "$(TARGET_NAME)";
				SWIFT_EMIT_LOC_STRINGS = YES;
				SWIFT_VERSION = 5.0;
				TARGETED_DEVICE_FAMILY = "1,2";
			};
			name = Release;
		};
		63D00DFA2A3B131B00A4FA92 /* Debug */ = {
			isa = XCBuildConfiguration;
			buildSettings = {
				ALWAYS_EMBED_SWIFT_STANDARD_LIBRARIES = YES;
				BUNDLE_LOADER = "$(TEST_HOST)";
				CODE_SIGN_STYLE = Automatic;
				CURRENT_PROJECT_VERSION = 1;
				DEVELOPMENT_TEAM = 637FC6BUKX;
				GENERATE_INFOPLIST_FILE = YES;
				IPHONEOS_DEPLOYMENT_TARGET = 16.4;
				MARKETING_VERSION = 1.0;
				PRODUCT_BUNDLE_IDENTIFIER = com.ekenozlu.MovieTimeTests;
				PRODUCT_NAME = "$(TARGET_NAME)";
				SWIFT_EMIT_LOC_STRINGS = NO;
				SWIFT_VERSION = 5.0;
				TARGETED_DEVICE_FAMILY = "1,2";
				TEST_HOST = "$(BUILT_PRODUCTS_DIR)/MovieTime.app/$(BUNDLE_EXECUTABLE_FOLDER_PATH)/MovieTime";
			};
			name = Debug;
		};
		63D00DFB2A3B131B00A4FA92 /* Release */ = {
			isa = XCBuildConfiguration;
			buildSettings = {
				ALWAYS_EMBED_SWIFT_STANDARD_LIBRARIES = YES;
				BUNDLE_LOADER = "$(TEST_HOST)";
				CODE_SIGN_STYLE = Automatic;
				CURRENT_PROJECT_VERSION = 1;
				DEVELOPMENT_TEAM = 637FC6BUKX;
				GENERATE_INFOPLIST_FILE = YES;
				IPHONEOS_DEPLOYMENT_TARGET = 16.4;
				MARKETING_VERSION = 1.0;
				PRODUCT_BUNDLE_IDENTIFIER = com.ekenozlu.MovieTimeTests;
				PRODUCT_NAME = "$(TARGET_NAME)";
				SWIFT_EMIT_LOC_STRINGS = NO;
				SWIFT_VERSION = 5.0;
				TARGETED_DEVICE_FAMILY = "1,2";
				TEST_HOST = "$(BUILT_PRODUCTS_DIR)/MovieTime.app/$(BUNDLE_EXECUTABLE_FOLDER_PATH)/MovieTime";
			};
			name = Release;
		};
		63D00DFD2A3B131B00A4FA92 /* Debug */ = {
			isa = XCBuildConfiguration;
			buildSettings = {
				ALWAYS_EMBED_SWIFT_STANDARD_LIBRARIES = YES;
				CODE_SIGN_STYLE = Automatic;
				CURRENT_PROJECT_VERSION = 1;
				DEVELOPMENT_TEAM = 637FC6BUKX;
				GENERATE_INFOPLIST_FILE = YES;
				MARKETING_VERSION = 1.0;
				PRODUCT_BUNDLE_IDENTIFIER = com.ekenozlu.MovieTimeUITests;
				PRODUCT_NAME = "$(TARGET_NAME)";
				SWIFT_EMIT_LOC_STRINGS = NO;
				SWIFT_VERSION = 5.0;
				TARGETED_DEVICE_FAMILY = "1,2";
				TEST_TARGET_NAME = MovieTime;
			};
			name = Debug;
		};
		63D00DFE2A3B131B00A4FA92 /* Release */ = {
			isa = XCBuildConfiguration;
			buildSettings = {
				ALWAYS_EMBED_SWIFT_STANDARD_LIBRARIES = YES;
				CODE_SIGN_STYLE = Automatic;
				CURRENT_PROJECT_VERSION = 1;
				DEVELOPMENT_TEAM = 637FC6BUKX;
				GENERATE_INFOPLIST_FILE = YES;
				MARKETING_VERSION = 1.0;
				PRODUCT_BUNDLE_IDENTIFIER = com.ekenozlu.MovieTimeUITests;
				PRODUCT_NAME = "$(TARGET_NAME)";
				SWIFT_EMIT_LOC_STRINGS = NO;
				SWIFT_VERSION = 5.0;
				TARGETED_DEVICE_FAMILY = "1,2";
				TEST_TARGET_NAME = MovieTime;
			};
			name = Release;
		};
/* End XCBuildConfiguration section */

/* Begin XCConfigurationList section */
		63D00DC72A3B131A00A4FA92 /* Build configuration list for PBXProject "MovieTime" */ = {
			isa = XCConfigurationList;
			buildConfigurations = (
				63D00DF42A3B131B00A4FA92 /* Debug */,
				63D00DF52A3B131B00A4FA92 /* Release */,
			);
			defaultConfigurationIsVisible = 0;
			defaultConfigurationName = Release;
		};
		63D00DF62A3B131B00A4FA92 /* Build configuration list for PBXNativeTarget "MovieTime" */ = {
			isa = XCConfigurationList;
			buildConfigurations = (
				63D00DF72A3B131B00A4FA92 /* Debug */,
				63D00DF82A3B131B00A4FA92 /* Release */,
			);
			defaultConfigurationIsVisible = 0;
			defaultConfigurationName = Release;
		};
		63D00DF92A3B131B00A4FA92 /* Build configuration list for PBXNativeTarget "MovieTimeTests" */ = {
			isa = XCConfigurationList;
			buildConfigurations = (
				63D00DFA2A3B131B00A4FA92 /* Debug */,
				63D00DFB2A3B131B00A4FA92 /* Release */,
			);
			defaultConfigurationIsVisible = 0;
			defaultConfigurationName = Release;
		};
		63D00DFC2A3B131B00A4FA92 /* Build configuration list for PBXNativeTarget "MovieTimeUITests" */ = {
			isa = XCConfigurationList;
			buildConfigurations = (
				63D00DFD2A3B131B00A4FA92 /* Debug */,
				63D00DFE2A3B131B00A4FA92 /* Release */,
			);
			defaultConfigurationIsVisible = 0;
			defaultConfigurationName = Release;
		};
/* End XCConfigurationList section */

/* Begin XCRemoteSwiftPackageReference section */
		63644A682A409A5000685DC3 /* XCRemoteSwiftPackageReference "SDWebImage" */ = {
			isa = XCRemoteSwiftPackageReference;
			repositoryURL = "https://github.com/SDWebImage/SDWebImage";
			requirement = {
				kind = upToNextMajorVersion;
				minimumVersion = 5.0.0;
			};
		};
		63774E222A7A86D500B646AD /* XCRemoteSwiftPackageReference "firebase-ios-sdk" */ = {
			isa = XCRemoteSwiftPackageReference;
			repositoryURL = "https://github.com/firebase/firebase-ios-sdk.git";
			requirement = {
				kind = upToNextMajorVersion;
				minimumVersion = 10.0.0;
			};
		};
/* End XCRemoteSwiftPackageReference section */

/* Begin XCSwiftPackageProductDependency section */
		63644A692A409A5000685DC3 /* SDWebImage */ = {
			isa = XCSwiftPackageProductDependency;
			package = 63644A682A409A5000685DC3 /* XCRemoteSwiftPackageReference "SDWebImage" */;
			productName = SDWebImage;
		};
		63774E232A7A86D500B646AD /* FirebaseAnalytics */ = {
			isa = XCSwiftPackageProductDependency;
			package = 63774E222A7A86D500B646AD /* XCRemoteSwiftPackageReference "firebase-ios-sdk" */;
			productName = FirebaseAnalytics;
		};
		63774E252A7A86D500B646AD /* FirebaseAuth */ = {
			isa = XCSwiftPackageProductDependency;
			package = 63774E222A7A86D500B646AD /* XCRemoteSwiftPackageReference "firebase-ios-sdk" */;
			productName = FirebaseAuth;
		};
		63774E272A7A86D500B646AD /* FirebaseDatabase */ = {
			isa = XCSwiftPackageProductDependency;
			package = 63774E222A7A86D500B646AD /* XCRemoteSwiftPackageReference "firebase-ios-sdk" */;
			productName = FirebaseDatabase;
		};
		63774E292A7A86D500B646AD /* FirebaseDatabaseSwift */ = {
			isa = XCSwiftPackageProductDependency;
			package = 63774E222A7A86D500B646AD /* XCRemoteSwiftPackageReference "firebase-ios-sdk" */;
			productName = FirebaseDatabaseSwift;
		};
		63774E2B2A7A86D500B646AD /* FirebaseFirestore */ = {
			isa = XCSwiftPackageProductDependency;
			package = 63774E222A7A86D500B646AD /* XCRemoteSwiftPackageReference "firebase-ios-sdk" */;
			productName = FirebaseFirestore;
		};
		63774E2D2A7A86D500B646AD /* FirebaseFirestoreSwift */ = {
			isa = XCSwiftPackageProductDependency;
			package = 63774E222A7A86D500B646AD /* XCRemoteSwiftPackageReference "firebase-ios-sdk" */;
			productName = FirebaseFirestoreSwift;
		};
		63774E2F2A7A86D500B646AD /* FirebaseStorage */ = {
			isa = XCSwiftPackageProductDependency;
			package = 63774E222A7A86D500B646AD /* XCRemoteSwiftPackageReference "firebase-ios-sdk" */;
			productName = FirebaseStorage;
		};
/* End XCSwiftPackageProductDependency section */
	};
	rootObject = 63D00DC42A3B131A00A4FA92 /* Project object */;
}
