// !$*UTF8*$!
{
	archiveVersion = 1;
	classes = {
	};
	objectVersion = 56;
	objects = {

/* Begin PBXBuildFile section */
		6321E25B2A41AD0800923EB8 /* SearchCell.swift in Sources */ = {isa = PBXBuildFile; fileRef = 6321E25A2A41AD0800923EB8 /* SearchCell.swift */; };
		6321E2622A41D9DC00923EB8 /* DetailVC.swift in Sources */ = {isa = PBXBuildFile; fileRef = 6321E2602A41D9DC00923EB8 /* DetailVC.swift */; };
		6321E2632A41D9DC00923EB8 /* DetailVC.xib in Resources */ = {isa = PBXBuildFile; fileRef = 6321E2612A41D9DC00923EB8 /* DetailVC.xib */; };
		63644A672A40969500685DC3 /* TrendingMoviesCell.swift in Sources */ = {isa = PBXBuildFile; fileRef = 63644A662A40969500685DC3 /* TrendingMoviesCell.swift */; };
		63644A6A2A409A5000685DC3 /* SDWebImage in Frameworks */ = {isa = PBXBuildFile; productRef = 63644A692A409A5000685DC3 /* SDWebImage */; };
		63644A6C2A40A92D00685DC3 /* MoviesCell.swift in Sources */ = {isa = PBXBuildFile; fileRef = 63644A6B2A40A92D00685DC3 /* MoviesCell.swift */; };
		63D00DD02A3B131A00A4FA92 /* AppDelegate.swift in Sources */ = {isa = PBXBuildFile; fileRef = 63D00DCF2A3B131A00A4FA92 /* AppDelegate.swift */; };
		63D00DD22A3B131A00A4FA92 /* SceneDelegate.swift in Sources */ = {isa = PBXBuildFile; fileRef = 63D00DD12A3B131A00A4FA92 /* SceneDelegate.swift */; };
		63D00DD72A3B131A00A4FA92 /* Main.storyboard in Resources */ = {isa = PBXBuildFile; fileRef = 63D00DD52A3B131A00A4FA92 /* Main.storyboard */; };
		63D00DD92A3B131B00A4FA92 /* Assets.xcassets in Resources */ = {isa = PBXBuildFile; fileRef = 63D00DD82A3B131B00A4FA92 /* Assets.xcassets */; };
		63D00DDC2A3B131B00A4FA92 /* LaunchScreen.storyboard in Resources */ = {isa = PBXBuildFile; fileRef = 63D00DDA2A3B131B00A4FA92 /* LaunchScreen.storyboard */; };
		63D00DE72A3B131B00A4FA92 /* MovieTimeTests.swift in Sources */ = {isa = PBXBuildFile; fileRef = 63D00DE62A3B131B00A4FA92 /* MovieTimeTests.swift */; };
		63D00DF12A3B131B00A4FA92 /* MovieTimeUITests.swift in Sources */ = {isa = PBXBuildFile; fileRef = 63D00DF02A3B131B00A4FA92 /* MovieTimeUITests.swift */; };
		63D00DF32A3B131B00A4FA92 /* MovieTimeUITestsLaunchTests.swift in Sources */ = {isa = PBXBuildFile; fileRef = 63D00DF22A3B131B00A4FA92 /* MovieTimeUITestsLaunchTests.swift */; };
		63D00E072A3B347A00A4FA92 /* FirstTabVC.swift in Sources */ = {isa = PBXBuildFile; fileRef = 63D00E062A3B347A00A4FA92 /* FirstTabVC.swift */; };
		63D00E092A3B348A00A4FA92 /* SecondTabVC.swift in Sources */ = {isa = PBXBuildFile; fileRef = 63D00E082A3B348A00A4FA92 /* SecondTabVC.swift */; };
		63D00E0B2A3B349A00A4FA92 /* ThirdTabVC.swift in Sources */ = {isa = PBXBuildFile; fileRef = 63D00E0A2A3B349A00A4FA92 /* ThirdTabVC.swift */; };
		63D00E0E2A3B3E8C00A4FA92 /* MovieModel.swift in Sources */ = {isa = PBXBuildFile; fileRef = 63D00E0D2A3B3E8C00A4FA92 /* MovieModel.swift */; };
		63D00E112A3B3ED800A4FA92 /* NetworkConstants.swift in Sources */ = {isa = PBXBuildFile; fileRef = 63D00E102A3B3ED800A4FA92 /* NetworkConstants.swift */; };
		63D00E132A3B3F3C00A4FA92 /* APICaller.swift in Sources */ = {isa = PBXBuildFile; fileRef = 63D00E122A3B3F3C00A4FA92 /* APICaller.swift */; };
/* End PBXBuildFile section */

/* Begin PBXContainerItemProxy section */
		63D00DE32A3B131B00A4FA92 /* PBXContainerItemProxy */ = {
			isa = PBXContainerItemProxy;
			containerPortal = 63D00DC42A3B131A00A4FA92 /* Project object */;
			proxyType = 1;
			remoteGlobalIDString = 63D00DCB2A3B131A00A4FA92;
			remoteInfo = MovieTime;
		};
		63D00DED2A3B131B00A4FA92 /* PBXContainerItemProxy */ = {
			isa = PBXContainerItemProxy;
			containerPortal = 63D00DC42A3B131A00A4FA92 /* Project object */;
			proxyType = 1;
			remoteGlobalIDString = 63D00DCB2A3B131A00A4FA92;
			remoteInfo = MovieTime;
		};
/* End PBXContainerItemProxy section */

/* Begin PBXFileReference section */
		6321E25A2A41AD0800923EB8 /* SearchCell.swift */ = {isa = PBXFileReference; lastKnownFileType = sourcecode.swift; path = SearchCell.swift; sourceTree = "<group>"; };
		6321E2602A41D9DC00923EB8 /* DetailVC.swift */ = {isa = PBXFileReference; lastKnownFileType = sourcecode.swift; path = DetailVC.swift; sourceTree = "<group>"; };
		6321E2612A41D9DC00923EB8 /* DetailVC.xib */ = {isa = PBXFileReference; lastKnownFileType = file.xib; path = DetailVC.xib; sourceTree = "<group>"; };
		63644A662A40969500685DC3 /* TrendingMoviesCell.swift */ = {isa = PBXFileReference; lastKnownFileType = sourcecode.swift; path = TrendingMoviesCell.swift; sourceTree = "<group>"; };
		63644A6B2A40A92D00685DC3 /* MoviesCell.swift */ = {isa = PBXFileReference; lastKnownFileType = sourcecode.swift; path = MoviesCell.swift; sourceTree = "<group>"; };
		63D00DCC2A3B131A00A4FA92 /* MovieTime.app */ = {isa = PBXFileReference; explicitFileType = wrapper.application; includeInIndex = 0; path = MovieTime.app; sourceTree = BUILT_PRODUCTS_DIR; };
		63D00DCF2A3B131A00A4FA92 /* AppDelegate.swift */ = {isa = PBXFileReference; lastKnownFileType = sourcecode.swift; path = AppDelegate.swift; sourceTree = "<group>"; };
		63D00DD12A3B131A00A4FA92 /* SceneDelegate.swift */ = {isa = PBXFileReference; lastKnownFileType = sourcecode.swift; path = SceneDelegate.swift; sourceTree = "<group>"; };
		63D00DD62A3B131A00A4FA92 /* Base */ = {isa = PBXFileReference; lastKnownFileType = file.storyboard; name = Base; path = Base.lproj/Main.storyboard; sourceTree = "<group>"; };
		63D00DD82A3B131B00A4FA92 /* Assets.xcassets */ = {isa = PBXFileReference; lastKnownFileType = folder.assetcatalog; path = Assets.xcassets; sourceTree = "<group>"; };
		63D00DDB2A3B131B00A4FA92 /* Base */ = {isa = PBXFileReference; lastKnownFileType = file.storyboard; name = Base; path = Base.lproj/LaunchScreen.storyboard; sourceTree = "<group>"; };
		63D00DDD2A3B131B00A4FA92 /* Info.plist */ = {isa = PBXFileReference; lastKnownFileType = text.plist.xml; path = Info.plist; sourceTree = "<group>"; };
		63D00DE22A3B131B00A4FA92 /* MovieTimeTests.xctest */ = {isa = PBXFileReference; explicitFileType = wrapper.cfbundle; includeInIndex = 0; path = MovieTimeTests.xctest; sourceTree = BUILT_PRODUCTS_DIR; };
		63D00DE62A3B131B00A4FA92 /* MovieTimeTests.swift */ = {isa = PBXFileReference; lastKnownFileType = sourcecode.swift; path = MovieTimeTests.swift; sourceTree = "<group>"; };
		63D00DEC2A3B131B00A4FA92 /* MovieTimeUITests.xctest */ = {isa = PBXFileReference; explicitFileType = wrapper.cfbundle; includeInIndex = 0; path = MovieTimeUITests.xctest; sourceTree = BUILT_PRODUCTS_DIR; };
		63D00DF02A3B131B00A4FA92 /* MovieTimeUITests.swift */ = {isa = PBXFileReference; lastKnownFileType = sourcecode.swift; path = MovieTimeUITests.swift; sourceTree = "<group>"; };
		63D00DF22A3B131B00A4FA92 /* MovieTimeUITestsLaunchTests.swift */ = {isa = PBXFileReference; lastKnownFileType = sourcecode.swift; path = MovieTimeUITestsLaunchTests.swift; sourceTree = "<group>"; };
		63D00E062A3B347A00A4FA92 /* FirstTabVC.swift */ = {isa = PBXFileReference; lastKnownFileType = sourcecode.swift; path = FirstTabVC.swift; sourceTree = "<group>"; };
		63D00E082A3B348A00A4FA92 /* SecondTabVC.swift */ = {isa = PBXFileReference; lastKnownFileType = sourcecode.swift; path = SecondTabVC.swift; sourceTree = "<group>"; };
		63D00E0A2A3B349A00A4FA92 /* ThirdTabVC.swift */ = {isa = PBXFileReference; lastKnownFileType = sourcecode.swift; path = ThirdTabVC.swift; sourceTree = "<group>"; };
		63D00E0D2A3B3E8C00A4FA92 /* MovieModel.swift */ = {isa = PBXFileReference; lastKnownFileType = sourcecode.swift; path = MovieModel.swift; sourceTree = "<group>"; };
		63D00E102A3B3ED800A4FA92 /* NetworkConstants.swift */ = {isa = PBXFileReference; lastKnownFileType = sourcecode.swift; path = NetworkConstants.swift; sourceTree = "<group>"; };
		63D00E122A3B3F3C00A4FA92 /* APICaller.swift */ = {isa = PBXFileReference; lastKnownFileType = sourcecode.swift; path = APICaller.swift; sourceTree = "<group>"; };
/* End PBXFileReference section */

/* Begin PBXFrameworksBuildPhase section */
		63D00DC92A3B131A00A4FA92 /* Frameworks */ = {
			isa = PBXFrameworksBuildPhase;
			buildActionMask = 2147483647;
			files = (
				63644A6A2A409A5000685DC3 /* SDWebImage in Frameworks */,
			);
			runOnlyForDeploymentPostprocessing = 0;
		};
		63D00DDF2A3B131B00A4FA92 /* Frameworks */ = {
			isa = PBXFrameworksBuildPhase;
			buildActionMask = 2147483647;
			files = (
			);
			runOnlyForDeploymentPostprocessing = 0;
		};
		63D00DE92A3B131B00A4FA92 /* Frameworks */ = {
			isa = PBXFrameworksBuildPhase;
			buildActionMask = 2147483647;
			files = (
			);
			runOnlyForDeploymentPostprocessing = 0;
		};
/* End PBXFrameworksBuildPhase section */

/* Begin PBXGroup section */
		63644A642A40966700685DC3 /* Resources */ = {
			isa = PBXGroup;
			children = (
				63D00DD82A3B131B00A4FA92 /* Assets.xcassets */,
			);
			path = Resources;
			sourceTree = "<group>";
		};
		63644A652A40967800685DC3 /* Cells */ = {
			isa = PBXGroup;
			children = (
				63644A662A40969500685DC3 /* TrendingMoviesCell.swift */,
				63644A6B2A40A92D00685DC3 /* MoviesCell.swift */,
				6321E25A2A41AD0800923EB8 /* SearchCell.swift */,
			);
			path = Cells;
			sourceTree = "<group>";
		};
		63D00DC32A3B131A00A4FA92 = {
			isa = PBXGroup;
			children = (
				63D00DCE2A3B131A00A4FA92 /* MovieTime */,
				63D00DE52A3B131B00A4FA92 /* MovieTimeTests */,
				63D00DEF2A3B131B00A4FA92 /* MovieTimeUITests */,
				63D00DCD2A3B131A00A4FA92 /* Products */,
			);
			sourceTree = "<group>";
		};
		63D00DCD2A3B131A00A4FA92 /* Products */ = {
			isa = PBXGroup;
			children = (
				63D00DCC2A3B131A00A4FA92 /* MovieTime.app */,
				63D00DE22A3B131B00A4FA92 /* MovieTimeTests.xctest */,
				63D00DEC2A3B131B00A4FA92 /* MovieTimeUITests.xctest */,
			);
			name = Products;
			sourceTree = "<group>";
		};
		63D00DCE2A3B131A00A4FA92 /* MovieTime */ = {
			isa = PBXGroup;
			children = (
				63644A652A40967800685DC3 /* Cells */,
				63644A642A40966700685DC3 /* Resources */,
				63D00E0F2A3B3EC000A4FA92 /* Network */,
				63D00E0C2A3B3E7700A4FA92 /* Models */,
				63D00E052A3B345700A4FA92 /* Views */,
				63D00DCF2A3B131A00A4FA92 /* AppDelegate.swift */,
				63D00DD12A3B131A00A4FA92 /* SceneDelegate.swift */,
				63D00DD52A3B131A00A4FA92 /* Main.storyboard */,
				63D00DDA2A3B131B00A4FA92 /* LaunchScreen.storyboard */,
				63D00DDD2A3B131B00A4FA92 /* Info.plist */,
			);
			path = MovieTime;
			sourceTree = "<group>";
		};
		63D00DE52A3B131B00A4FA92 /* MovieTimeTests */ = {
			isa = PBXGroup;
			children = (
				63D00DE62A3B131B00A4FA92 /* MovieTimeTests.swift */,
			);
			path = MovieTimeTests;
			sourceTree = "<group>";
		};
		63D00DEF2A3B131B00A4FA92 /* MovieTimeUITests */ = {
			isa = PBXGroup;
			children = (
				63D00DF02A3B131B00A4FA92 /* MovieTimeUITests.swift */,
				63D00DF22A3B131B00A4FA92 /* MovieTimeUITestsLaunchTests.swift */,
			);
			path = MovieTimeUITests;
			sourceTree = "<group>";
		};
		63D00E052A3B345700A4FA92 /* Views */ = {
			isa = PBXGroup;
			children = (
				63D00E062A3B347A00A4FA92 /* FirstTabVC.swift */,
				63D00E082A3B348A00A4FA92 /* SecondTabVC.swift */,
				63D00E0A2A3B349A00A4FA92 /* ThirdTabVC.swift */,
				6321E2602A41D9DC00923EB8 /* DetailVC.swift */,
				6321E2612A41D9DC00923EB8 /* DetailVC.xib */,
			);
			path = Views;
			sourceTree = "<group>";
		};
		63D00E0C2A3B3E7700A4FA92 /* Models */ = {
			isa = PBXGroup;
			children = (
				63D00E0D2A3B3E8C00A4FA92 /* MovieModel.swift */,
			);
			path = Models;
			sourceTree = "<group>";
		};
		63D00E0F2A3B3EC000A4FA92 /* Network */ = {
			isa = PBXGroup;
			children = (
				63D00E102A3B3ED800A4FA92 /* NetworkConstants.swift */,
				63D00E122A3B3F3C00A4FA92 /* APICaller.swift */,
			);
			path = Network;
			sourceTree = "<group>";
		};
/* End PBXGroup section */

/* Begin PBXNativeTarget section */
		63D00DCB2A3B131A00A4FA92 /* MovieTime */ = {
			isa = PBXNativeTarget;
			buildConfigurationList = 63D00DF62A3B131B00A4FA92 /* Build configuration list for PBXNativeTarget "MovieTime" */;
			buildPhases = (
				63D00DC82A3B131A00A4FA92 /* Sources */,
				63D00DC92A3B131A00A4FA92 /* Frameworks */,
				63D00DCA2A3B131A00A4FA92 /* Resources */,
			);
			buildRules = (
			);
			dependencies = (
			);
			name = MovieTime;
			packageProductDependencies = (
				63644A692A409A5000685DC3 /* SDWebImage */,
			);
			productName = MovieTime;
			productReference = 63D00DCC2A3B131A00A4FA92 /* MovieTime.app */;
			productType = "com.apple.product-type.application";
		};
		63D00DE12A3B131B00A4FA92 /* MovieTimeTests */ = {
			isa = PBXNativeTarget;
			buildConfigurationList = 63D00DF92A3B131B00A4FA92 /* Build configuration list for PBXNativeTarget "MovieTimeTests" */;
			buildPhases = (
				63D00DDE2A3B131B00A4FA92 /* Sources */,
				63D00DDF2A3B131B00A4FA92 /* Frameworks */,
				63D00DE02A3B131B00A4FA92 /* Resources */,
			);
			buildRules = (
			);
			dependencies = (
				63D00DE42A3B131B00A4FA92 /* PBXTargetDependency */,
			);
			name = MovieTimeTests;
			productName = MovieTimeTests;
			productReference = 63D00DE22A3B131B00A4FA92 /* MovieTimeTests.xctest */;
			productType = "com.apple.product-type.bundle.unit-test";
		};
		63D00DEB2A3B131B00A4FA92 /* MovieTimeUITests */ = {
			isa = PBXNativeTarget;
			buildConfigurationList = 63D00DFC2A3B131B00A4FA92 /* Build configuration list for PBXNativeTarget "MovieTimeUITests" */;
			buildPhases = (
				63D00DE82A3B131B00A4FA92 /* Sources */,
				63D00DE92A3B131B00A4FA92 /* Frameworks */,
				63D00DEA2A3B131B00A4FA92 /* Resources */,
			);
			buildRules = (
			);
			dependencies = (
				63D00DEE2A3B131B00A4FA92 /* PBXTargetDependency */,
			);
			name = MovieTimeUITests;
			productName = MovieTimeUITests;
			productReference = 63D00DEC2A3B131B00A4FA92 /* MovieTimeUITests.xctest */;
			productType = "com.apple.product-type.bundle.ui-testing";
		};
/* End PBXNativeTarget section */

/* Begin PBXProject section */
		63D00DC42A3B131A00A4FA92 /* Project object */ = {
			isa = PBXProject;
			attributes = {
				BuildIndependentTargetsInParallel = 1;
				LastSwiftUpdateCheck = 1430;
				LastUpgradeCheck = 1430;
				TargetAttributes = {
					63D00DCB2A3B131A00A4FA92 = {
						CreatedOnToolsVersion = 14.3.1;
					};
					63D00DE12A3B131B00A4FA92 = {
						CreatedOnToolsVersion = 14.3.1;
						TestTargetID = 63D00DCB2A3B131A00A4FA92;
					};
					63D00DEB2A3B131B00A4FA92 = {
						CreatedOnToolsVersion = 14.3.1;
						TestTargetID = 63D00DCB2A3B131A00A4FA92;
					};
				};
			};
			buildConfigurationList = 63D00DC72A3B131A00A4FA92 /* Build configuration list for PBXProject "MovieTime" */;
			compatibilityVersion = "Xcode 14.0";
			developmentRegion = en;
			hasScannedForEncodings = 0;
			knownRegions = (
				en,
				Base,
			);
			mainGroup = 63D00DC32A3B131A00A4FA92;
			packageReferences = (
				63644A682A409A5000685DC3 /* XCRemoteSwiftPackageReference "SDWebImage" */,
			);
			productRefGroup = 63D00DCD2A3B131A00A4FA92 /* Products */;
			projectDirPath = "";
			projectRoot = "";
			targets = (
				63D00DCB2A3B131A00A4FA92 /* MovieTime */,
				63D00DE12A3B131B00A4FA92 /* MovieTimeTests */,
				63D00DEB2A3B131B00A4FA92 /* MovieTimeUITests */,
			);
		};
/* End PBXProject section */

/* Begin PBXResourcesBuildPhase section */
		63D00DCA2A3B131A00A4FA92 /* Resources */ = {
			isa = PBXResourcesBuildPhase;
			buildActionMask = 2147483647;
			files = (
				63D00DDC2A3B131B00A4FA92 /* LaunchScreen.storyboard in Resources */,
				6321E2632A41D9DC00923EB8 /* DetailVC.xib in Resources */,
				63D00DD92A3B131B00A4FA92 /* Assets.xcassets in Resources */,
				63D00DD72A3B131A00A4FA92 /* Main.storyboard in Resources */,
			);
			runOnlyForDeploymentPostprocessing = 0;
		};
		63D00DE02A3B131B00A4FA92 /* Resources */ = {
			isa = PBXResourcesBuildPhase;
			buildActionMask = 2147483647;
			files = (
			);
			runOnlyForDeploymentPostprocessing = 0;
		};
		63D00DEA2A3B131B00A4FA92 /* Resources */ = {
			isa = PBXResourcesBuildPhase;
			buildActionMask = 2147483647;
			files = (
			);
			runOnlyForDeploymentPostprocessing = 0;
		};
/* End PBXResourcesBuildPhase section */

/* Begin PBXSourcesBuildPhase section */
		63D00DC82A3B131A00A4FA92 /* Sources */ = {
			isa = PBXSourcesBuildPhase;
			buildActionMask = 2147483647;
			files = (
				63D00E112A3B3ED800A4FA92 /* NetworkConstants.swift in Sources */,
				6321E25B2A41AD0800923EB8 /* SearchCell.swift in Sources */,
				63D00E0E2A3B3E8C00A4FA92 /* MovieModel.swift in Sources */,
				63644A672A40969500685DC3 /* TrendingMoviesCell.swift in Sources */,
				63D00E0B2A3B349A00A4FA92 /* ThirdTabVC.swift in Sources */,
				6321E2622A41D9DC00923EB8 /* DetailVC.swift in Sources */,
				63D00E092A3B348A00A4FA92 /* SecondTabVC.swift in Sources */,
				63D00DD02A3B131A00A4FA92 /* AppDelegate.swift in Sources */,
				63644A6C2A40A92D00685DC3 /* MoviesCell.swift in Sources */,
				63D00E072A3B347A00A4FA92 /* FirstTabVC.swift in Sources */,
				63D00DD22A3B131A00A4FA92 /* SceneDelegate.swift in Sources */,
				63D00E132A3B3F3C00A4FA92 /* APICaller.swift in Sources */,
			);
			runOnlyForDeploymentPostprocessing = 0;
		};
		63D00DDE2A3B131B00A4FA92 /* Sources */ = {
			isa = PBXSourcesBuildPhase;
			buildActionMask = 2147483647;
			files = (
				63D00DE72A3B131B00A4FA92 /* MovieTimeTests.swift in Sources */,
			);
			runOnlyForDeploymentPostprocessing = 0;
		};
		63D00DE82A3B131B00A4FA92 /* Sources */ = {
			isa = PBXSourcesBuildPhase;
			buildActionMask = 2147483647;
			files = (
				63D00DF32A3B131B00A4FA92 /* MovieTimeUITestsLaunchTests.swift in Sources */,
				63D00DF12A3B131B00A4FA92 /* MovieTimeUITests.swift in Sources */,
			);
			runOnlyForDeploymentPostprocessing = 0;
		};
/* End PBXSourcesBuildPhase section */

/* Begin PBXTargetDependency section */
		63D00DE42A3B131B00A4FA92 /* PBXTargetDependency */ = {
			isa = PBXTargetDependency;
			target = 63D00DCB2A3B131A00A4FA92 /* MovieTime */;
			targetProxy = 63D00DE32A3B131B00A4FA92 /* PBXContainerItemProxy */;
		};
		63D00DEE2A3B131B00A4FA92 /* PBXTargetDependency */ = {
			isa = PBXTargetDependency;
			target = 63D00DCB2A3B131A00A4FA92 /* MovieTime */;
			targetProxy = 63D00DED2A3B131B00A4FA92 /* PBXContainerItemProxy */;
		};
/* End PBXTargetDependency section */

/* Begin PBXVariantGroup section */
		63D00DD52A3B131A00A4FA92 /* Main.storyboard */ = {
			isa = PBXVariantGroup;
			children = (
				63D00DD62A3B131A00A4FA92 /* Base */,
			);
			name = Main.storyboard;
			sourceTree = "<group>";
		};
		63D00DDA2A3B131B00A4FA92 /* LaunchScreen.storyboard */ = {
			isa = PBXVariantGroup;
			children = (
				63D00DDB2A3B131B00A4FA92 /* Base */,
			);
			name = LaunchScreen.storyboard;
			sourceTree = "<group>";
		};
/* End PBXVariantGroup section */

/* Begin XCBuildConfiguration section */
		63D00DF42A3B131B00A4FA92 /* Debug */ = {
			isa = XCBuildConfiguration;
			buildSettings = {
				ALWAYS_SEARCH_USER_PATHS = NO;
				CLANG_ANALYZER_NONNULL = YES;
				CLANG_ANALYZER_NUMBER_OBJECT_CONVERSION = YES_AGGRESSIVE;
				CLANG_CXX_LANGUAGE_STANDARD = "gnu++20";
				CLANG_ENABLE_MODULES = YES;
				CLANG_ENABLE_OBJC_ARC = YES;
				CLANG_ENABLE_OBJC_WEAK = YES;
				CLANG_WARN_BLOCK_CAPTURE_AUTORELEASING = YES;
				CLANG_WARN_BOOL_CONVERSION = YES;
				CLANG_WARN_COMMA = YES;
				CLANG_WARN_CONSTANT_CONVERSION = YES;
				CLANG_WARN_DEPRECATED_OBJC_IMPLEMENTATIONS = YES;
				CLANG_WARN_DIRECT_OBJC_ISA_USAGE = YES_ERROR;
				CLANG_WARN_DOCUMENTATION_COMMENTS = YES;
				CLANG_WARN_EMPTY_BODY = YES;
				CLANG_WARN_ENUM_CONVERSION = YES;
				CLANG_WARN_INFINITE_RECURSION = YES;
				CLANG_WARN_INT_CONVERSION = YES;
				CLANG_WARN_NON_LITERAL_NULL_CONVERSION = YES;
				CLANG_WARN_OBJC_IMPLICIT_RETAIN_SELF = YES;
				CLANG_WARN_OBJC_LITERAL_CONVERSION = YES;
				CLANG_WARN_OBJC_ROOT_CLASS = YES_ERROR;
				CLANG_WARN_QUOTED_INCLUDE_IN_FRAMEWORK_HEADER = YES;
				CLANG_WARN_RANGE_LOOP_ANALYSIS = YES;
				CLANG_WARN_STRICT_PROTOTYPES = YES;
				CLANG_WARN_SUSPICIOUS_MOVE = YES;
				CLANG_WARN_UNGUARDED_AVAILABILITY = YES_AGGRESSIVE;
				CLANG_WARN_UNREACHABLE_CODE = YES;
				CLANG_WARN__DUPLICATE_METHOD_MATCH = YES;
				COPY_PHASE_STRIP = NO;
				DEBUG_INFORMATION_FORMAT = dwarf;
				ENABLE_STRICT_OBJC_MSGSEND = YES;
				ENABLE_TESTABILITY = YES;
				GCC_C_LANGUAGE_STANDARD = gnu11;
				GCC_DYNAMIC_NO_PIC = NO;
				GCC_NO_COMMON_BLOCKS = YES;
				GCC_OPTIMIZATION_LEVEL = 0;
				GCC_PREPROCESSOR_DEFINITIONS = (
					"DEBUG=1",
					"$(inherited)",
				);
				GCC_WARN_64_TO_32_BIT_CONVERSION = YES;
				GCC_WARN_ABOUT_RETURN_TYPE = YES_ERROR;
				GCC_WARN_UNDECLARED_SELECTOR = YES;
				GCC_WARN_UNINITIALIZED_AUTOS = YES_AGGRESSIVE;
				GCC_WARN_UNUSED_FUNCTION = YES;
				GCC_WARN_UNUSED_VARIABLE = YES;
				IPHONEOS_DEPLOYMENT_TARGET = 16.4;
				MTL_ENABLE_DEBUG_INFO = INCLUDE_SOURCE;
				MTL_FAST_MATH = YES;
				ONLY_ACTIVE_ARCH = YES;
				SDKROOT = iphoneos;
				SWIFT_ACTIVE_COMPILATION_CONDITIONS = DEBUG;
				SWIFT_OPTIMIZATION_LEVEL = "-Onone";
			};
			name = Debug;
		};
		63D00DF52A3B131B00A4FA92 /* Release */ = {
			isa = XCBuildConfiguration;
			buildSettings = {
				ALWAYS_SEARCH_USER_PATHS = NO;
				CLANG_ANALYZER_NONNULL = YES;
				CLANG_ANALYZER_NUMBER_OBJECT_CONVERSION = YES_AGGRESSIVE;
				CLANG_CXX_LANGUAGE_STANDARD = "gnu++20";
				CLANG_ENABLE_MODULES = YES;
				CLANG_ENABLE_OBJC_ARC = YES;
				CLANG_ENABLE_OBJC_WEAK = YES;
				CLANG_WARN_BLOCK_CAPTURE_AUTORELEASING = YES;
				CLANG_WARN_BOOL_CONVERSION = YES;
				CLANG_WARN_COMMA = YES;
				CLANG_WARN_CONSTANT_CONVERSION = YES;
				CLANG_WARN_DEPRECATED_OBJC_IMPLEMENTATIONS = YES;
				CLANG_WARN_DIRECT_OBJC_ISA_USAGE = YES_ERROR;
				CLANG_WARN_DOCUMENTATION_COMMENTS = YES;
				CLANG_WARN_EMPTY_BODY = YES;
				CLANG_WARN_ENUM_CONVERSION = YES;
				CLANG_WARN_INFINITE_RECURSION = YES;
				CLANG_WARN_INT_CONVERSION = YES;
				CLANG_WARN_NON_LITERAL_NULL_CONVERSION = YES;
				CLANG_WARN_OBJC_IMPLICIT_RETAIN_SELF = YES;
				CLANG_WARN_OBJC_LITERAL_CONVERSION = YES;
				CLANG_WARN_OBJC_ROOT_CLASS = YES_ERROR;
				CLANG_WARN_QUOTED_INCLUDE_IN_FRAMEWORK_HEADER = YES;
				CLANG_WARN_RANGE_LOOP_ANALYSIS = YES;
				CLANG_WARN_STRICT_PROTOTYPES = YES;
				CLANG_WARN_SUSPICIOUS_MOVE = YES;
				CLANG_WARN_UNGUARDED_AVAILABILITY = YES_AGGRESSIVE;
				CLANG_WARN_UNREACHABLE_CODE = YES;
				CLANG_WARN__DUPLICATE_METHOD_MATCH = YES;
				COPY_PHASE_STRIP = NO;
				DEBUG_INFORMATION_FORMAT = "dwarf-with-dsym";
				ENABLE_NS_ASSERTIONS = NO;
				ENABLE_STRICT_OBJC_MSGSEND = YES;
				GCC_C_LANGUAGE_STANDARD = gnu11;
				GCC_NO_COMMON_BLOCKS = YES;
				GCC_WARN_64_TO_32_BIT_CONVERSION = YES;
				GCC_WARN_ABOUT_RETURN_TYPE = YES_ERROR;
				GCC_WARN_UNDECLARED_SELECTOR = YES;
				GCC_WARN_UNINITIALIZED_AUTOS = YES_AGGRESSIVE;
				GCC_WARN_UNUSED_FUNCTION = YES;
				GCC_WARN_UNUSED_VARIABLE = YES;
				IPHONEOS_DEPLOYMENT_TARGET = 16.4;
				MTL_ENABLE_DEBUG_INFO = NO;
				MTL_FAST_MATH = YES;
				SDKROOT = iphoneos;
				SWIFT_COMPILATION_MODE = wholemodule;
				SWIFT_OPTIMIZATION_LEVEL = "-O";
				VALIDATE_PRODUCT = YES;
			};
			name = Release;
		};
		63D00DF72A3B131B00A4FA92 /* Debug */ = {
			isa = XCBuildConfiguration;
			buildSettings = {
				ASSETCATALOG_COMPILER_APPICON_NAME = AppIcon;
				ASSETCATALOG_COMPILER_GLOBAL_ACCENT_COLOR_NAME = AccentColor;
				CODE_SIGN_STYLE = Automatic;
				CURRENT_PROJECT_VERSION = 1;
				DEVELOPMENT_TEAM = 637FC6BUKX;
				GENERATE_INFOPLIST_FILE = YES;
				INFOPLIST_FILE = MovieTime/Info.plist;
				INFOPLIST_KEY_UIApplicationSupportsIndirectInputEvents = YES;
				INFOPLIST_KEY_UILaunchStoryboardName = LaunchScreen;
				INFOPLIST_KEY_UIMainStoryboardFile = Main;
				INFOPLIST_KEY_UISupportedInterfaceOrientations_iPad = "UIInterfaceOrientationPortrait UIInterfaceOrientationPortraitUpsideDown UIInterfaceOrientationLandscapeLeft UIInterfaceOrientationLandscapeRight";
				INFOPLIST_KEY_UISupportedInterfaceOrientations_iPhone = "UIInterfaceOrientationPortrait UIInterfaceOrientationLandscapeLeft UIInterfaceOrientationLandscapeRight";
				LD_RUNPATH_SEARCH_PATHS = (
					"$(inherited)",
					"@executable_path/Frameworks",
				);
				MARKETING_VERSION = 1.0;
				PRODUCT_BUNDLE_IDENTIFIER = com.ekenozlu.MovieTime;
				PRODUCT_NAME = "$(TARGET_NAME)";
				SWIFT_EMIT_LOC_STRINGS = YES;
				SWIFT_VERSION = 5.0;
				TARGETED_DEVICE_FAMILY = "1,2";
			};
			name = Debug;
		};
		63D00DF82A3B131B00A4FA92 /* Release */ = {
			isa = XCBuildConfiguration;
			buildSettings = {
				ASSETCATALOG_COMPILER_APPICON_NAME = AppIcon;
				ASSETCATALOG_COMPILER_GLOBAL_ACCENT_COLOR_NAME = AccentColor;
				CODE_SIGN_STYLE = Automatic;
				CURRENT_PROJECT_VERSION = 1;
				DEVELOPMENT_TEAM = 637FC6BUKX;
				GENERATE_INFOPLIST_FILE = YES;
				INFOPLIST_FILE = MovieTime/Info.plist;
				INFOPLIST_KEY_UIApplicationSupportsIndirectInputEvents = YES;
				INFOPLIST_KEY_UILaunchStoryboardName = LaunchScreen;
				INFOPLIST_KEY_UIMainStoryboardFile = Main;
				INFOPLIST_KEY_UISupportedInterfaceOrientations_iPad = "UIInterfaceOrientationPortrait UIInterfaceOrientationPortraitUpsideDown UIInterfaceOrientationLandscapeLeft UIInterfaceOrientationLandscapeRight";
				INFOPLIST_KEY_UISupportedInterfaceOrientations_iPhone = "UIInterfaceOrientationPortrait UIInterfaceOrientationLandscapeLeft UIInterfaceOrientationLandscapeRight";
				LD_RUNPATH_SEARCH_PATHS = (
					"$(inherited)",
					"@executable_path/Frameworks",
				);
				MARKETING_VERSION = 1.0;
				PRODUCT_BUNDLE_IDENTIFIER = com.ekenozlu.MovieTime;
				PRODUCT_NAME = "$(TARGET_NAME)";
				SWIFT_EMIT_LOC_STRINGS = YES;
				SWIFT_VERSION = 5.0;
				TARGETED_DEVICE_FAMILY = "1,2";
			};
			name = Release;
		};
		63D00DFA2A3B131B00A4FA92 /* Debug */ = {
			isa = XCBuildConfiguration;
			buildSettings = {
				ALWAYS_EMBED_SWIFT_STANDARD_LIBRARIES = YES;
				BUNDLE_LOADER = "$(TEST_HOST)";
				CODE_SIGN_STYLE = Automatic;
				CURRENT_PROJECT_VERSION = 1;
				DEVELOPMENT_TEAM = 637FC6BUKX;
				GENERATE_INFOPLIST_FILE = YES;
				IPHONEOS_DEPLOYMENT_TARGET = 16.4;
				MARKETING_VERSION = 1.0;
				PRODUCT_BUNDLE_IDENTIFIER = com.ekenozlu.MovieTimeTests;
				PRODUCT_NAME = "$(TARGET_NAME)";
				SWIFT_EMIT_LOC_STRINGS = NO;
				SWIFT_VERSION = 5.0;
				TARGETED_DEVICE_FAMILY = "1,2";
				TEST_HOST = "$(BUILT_PRODUCTS_DIR)/MovieTime.app/$(BUNDLE_EXECUTABLE_FOLDER_PATH)/MovieTime";
			};
			name = Debug;
		};
		63D00DFB2A3B131B00A4FA92 /* Release */ = {
			isa = XCBuildConfiguration;
			buildSettings = {
				ALWAYS_EMBED_SWIFT_STANDARD_LIBRARIES = YES;
				BUNDLE_LOADER = "$(TEST_HOST)";
				CODE_SIGN_STYLE = Automatic;
				CURRENT_PROJECT_VERSION = 1;
				DEVELOPMENT_TEAM = 637FC6BUKX;
				GENERATE_INFOPLIST_FILE = YES;
				IPHONEOS_DEPLOYMENT_TARGET = 16.4;
				MARKETING_VERSION = 1.0;
				PRODUCT_BUNDLE_IDENTIFIER = com.ekenozlu.MovieTimeTests;
				PRODUCT_NAME = "$(TARGET_NAME)";
				SWIFT_EMIT_LOC_STRINGS = NO;
				SWIFT_VERSION = 5.0;
				TARGETED_DEVICE_FAMILY = "1,2";
				TEST_HOST = "$(BUILT_PRODUCTS_DIR)/MovieTime.app/$(BUNDLE_EXECUTABLE_FOLDER_PATH)/MovieTime";
			};
			name = Release;
		};
		63D00DFD2A3B131B00A4FA92 /* Debug */ = {
			isa = XCBuildConfiguration;
			buildSettings = {
				ALWAYS_EMBED_SWIFT_STANDARD_LIBRARIES = YES;
				CODE_SIGN_STYLE = Automatic;
				CURRENT_PROJECT_VERSION = 1;
				DEVELOPMENT_TEAM = 637FC6BUKX;
				GENERATE_INFOPLIST_FILE = YES;
				MARKETING_VERSION = 1.0;
				PRODUCT_BUNDLE_IDENTIFIER = com.ekenozlu.MovieTimeUITests;
				PRODUCT_NAME = "$(TARGET_NAME)";
				SWIFT_EMIT_LOC_STRINGS = NO;
				SWIFT_VERSION = 5.0;
				TARGETED_DEVICE_FAMILY = "1,2";
				TEST_TARGET_NAME = MovieTime;
			};
			name = Debug;
		};
		63D00DFE2A3B131B00A4FA92 /* Release */ = {
			isa = XCBuildConfiguration;
			buildSettings = {
				ALWAYS_EMBED_SWIFT_STANDARD_LIBRARIES = YES;
				CODE_SIGN_STYLE = Automatic;
				CURRENT_PROJECT_VERSION = 1;
				DEVELOPMENT_TEAM = 637FC6BUKX;
				GENERATE_INFOPLIST_FILE = YES;
				MARKETING_VERSION = 1.0;
				PRODUCT_BUNDLE_IDENTIFIER = com.ekenozlu.MovieTimeUITests;
				PRODUCT_NAME = "$(TARGET_NAME)";
				SWIFT_EMIT_LOC_STRINGS = NO;
				SWIFT_VERSION = 5.0;
				TARGETED_DEVICE_FAMILY = "1,2";
				TEST_TARGET_NAME = MovieTime;
			};
			name = Release;
		};
/* End XCBuildConfiguration section */

/* Begin XCConfigurationList section */
		63D00DC72A3B131A00A4FA92 /* Build configuration list for PBXProject "MovieTime" */ = {
			isa = XCConfigurationList;
			buildConfigurations = (
				63D00DF42A3B131B00A4FA92 /* Debug */,
				63D00DF52A3B131B00A4FA92 /* Release */,
			);
			defaultConfigurationIsVisible = 0;
			defaultConfigurationName = Release;
		};
		63D00DF62A3B131B00A4FA92 /* Build configuration list for PBXNativeTarget "MovieTime" */ = {
			isa = XCConfigurationList;
			buildConfigurations = (
				63D00DF72A3B131B00A4FA92 /* Debug */,
				63D00DF82A3B131B00A4FA92 /* Release */,
			);
			defaultConfigurationIsVisible = 0;
			defaultConfigurationName = Release;
		};
		63D00DF92A3B131B00A4FA92 /* Build configuration list for PBXNativeTarget "MovieTimeTests" */ = {
			isa = XCConfigurationList;
			buildConfigurations = (
				63D00DFA2A3B131B00A4FA92 /* Debug */,
				63D00DFB2A3B131B00A4FA92 /* Release */,
			);
			defaultConfigurationIsVisible = 0;
			defaultConfigurationName = Release;
		};
		63D00DFC2A3B131B00A4FA92 /* Build configuration list for PBXNativeTarget "MovieTimeUITests" */ = {
			isa = XCConfigurationList;
			buildConfigurations = (
				63D00DFD2A3B131B00A4FA92 /* Debug */,
				63D00DFE2A3B131B00A4FA92 /* Release */,
			);
			defaultConfigurationIsVisible = 0;
			defaultConfigurationName = Release;
		};
/* End XCConfigurationList section */

/* Begin XCRemoteSwiftPackageReference section */
		63644A682A409A5000685DC3 /* XCRemoteSwiftPackageReference "SDWebImage" */ = {
			isa = XCRemoteSwiftPackageReference;
			repositoryURL = "https://github.com/SDWebImage/SDWebImage";
			requirement = {
				kind = upToNextMajorVersion;
				minimumVersion = 5.0.0;
			};
		};
/* End XCRemoteSwiftPackageReference section */

/* Begin XCSwiftPackageProductDependency section */
		63644A692A409A5000685DC3 /* SDWebImage */ = {
			isa = XCSwiftPackageProductDependency;
			package = 63644A682A409A5000685DC3 /* XCRemoteSwiftPackageReference "SDWebImage" */;
			productName = SDWebImage;
		};
/* End XCSwiftPackageProductDependency section */
	};
	rootObject = 63D00DC42A3B131A00A4FA92 /* Project object */;
}
